// !$*UTF8*$!
{
	archiveVersion = 1;
	classes = {
	};
	objectVersion = 51;
	objects = {

/* Begin PBXBuildFile section */
		520170E4234F18CA00D6ED13 /* ZMapfmishhook.c in Sources */ = {isa = PBXBuildFile; fileRef = 520170E3234F18CA00D6ED13 /* ZMapfmishhook.c */; };
		520170EB234F18F300D6ED13 /* APMTools.m in Sources */ = {isa = PBXBuildFile; fileRef = 520170EA234F18F200D6ED13 /* APMTools.m */; };
		520170EE234F18FB00D6ED13 /* ZMFileWriter.m in Sources */ = {isa = PBXBuildFile; fileRef = 520170ED234F18FB00D6ED13 /* ZMFileWriter.m */; };
		520170F1234F191800D6ED13 /* ZMZAPMHookBase.m in Sources */ = {isa = PBXBuildFile; fileRef = 520170F0234F191800D6ED13 /* ZMZAPMHookBase.m */; };
		520170F4234F19C100D6ED13 /* UINavigationViewController-ZMAPMHook.m in Sources */ = {isa = PBXBuildFile; fileRef = 520170F2234F19C100D6ED13 /* UINavigationViewController-ZMAPMHook.m */; };
		520170FA234F1A9E00D6ED13 /* ZMZAPMSimplePing.m in Sources */ = {isa = PBXBuildFile; fileRef = 520170F9234F1A9E00D6ED13 /* ZMZAPMSimplePing.m */; };
		520170FD234F1AF400D6ED13 /* ZMZAPMBacktraceLogger.m in Sources */ = {isa = PBXBuildFile; fileRef = 520170FC234F1AF400D6ED13 /* ZMZAPMBacktraceLogger.m */; };
		52017101234F1E5200D6ED13 /* OneViewController.m in Sources */ = {isa = PBXBuildFile; fileRef = 52017100234F1E5200D6ED13 /* OneViewController.m */; };
		52017104234F1E6000D6ED13 /* TwoViewController.m in Sources */ = {isa = PBXBuildFile; fileRef = 52017103234F1E6000D6ED13 /* TwoViewController.m */; };
		52017107234F1E6E00D6ED13 /* ThrViewController.m in Sources */ = {isa = PBXBuildFile; fileRef = 52017106234F1E6E00D6ED13 /* ThrViewController.m */; };
		5201710A234F20CB00D6ED13 /* ZMAPM.m in Sources */ = {isa = PBXBuildFile; fileRef = 52017108234F20CB00D6ED13 /* ZMAPM.m */; };
		5201710D234F20EC00D6ED13 /* zmgetgateway.c in Sources */ = {isa = PBXBuildFile; fileRef = 5201710C234F20EC00D6ED13 /* zmgetgateway.c */; };
		52017111234F211C00D6ED13 /* UIControl-ZMAPMHook.m in Sources */ = {isa = PBXBuildFile; fileRef = 52017110234F211C00D6ED13 /* UIControl-ZMAPMHook.m */; };
		52017114234F212B00D6ED13 /* UIViewController-ZMAPMHook.m in Sources */ = {isa = PBXBuildFile; fileRef = 52017112234F212B00D6ED13 /* UIViewController-ZMAPMHook.m */; };
		5208365B228D71030015E1E0 /* SMCallStackModel.m in Sources */ = {isa = PBXBuildFile; fileRef = 52083640228D71030015E1E0 /* SMCallStackModel.m */; };
		5208365C228D71030015E1E0 /* SMLagButton.m in Sources */ = {isa = PBXBuildFile; fileRef = 52083643228D71030015E1E0 /* SMLagButton.m */; };
		5208365D228D71030015E1E0 /* SMLagDB.m in Sources */ = {isa = PBXBuildFile; fileRef = 52083644228D71030015E1E0 /* SMLagDB.m */; };
		5208365E228D71030015E1E0 /* SMCPUMonitor.m in Sources */ = {isa = PBXBuildFile; fileRef = 52083646228D71030015E1E0 /* SMCPUMonitor.m */; };
		5208365F228D71030015E1E0 /* SMCallTraceTimeCostModel.m in Sources */ = {isa = PBXBuildFile; fileRef = 5208364B228D71030015E1E0 /* SMCallTraceTimeCostModel.m */; };
		52083660228D71030015E1E0 /* SMLagMonitor.m in Sources */ = {isa = PBXBuildFile; fileRef = 5208364E228D71030015E1E0 /* SMLagMonitor.m */; };
		52083661228D71030015E1E0 /* SMCallTrace.m in Sources */ = {isa = PBXBuildFile; fileRef = 5208364F228D71030015E1E0 /* SMCallTrace.m */; };
		52083662228D71030015E1E0 /* SMStackCell.m in Sources */ = {isa = PBXBuildFile; fileRef = 52083651228D71030015E1E0 /* SMStackCell.m */; };
		52083663228D71030015E1E0 /* SMStackViewController.m in Sources */ = {isa = PBXBuildFile; fileRef = 52083652228D71030015E1E0 /* SMStackViewController.m */; };
		52083664228D71030015E1E0 /* SMCallStack.m in Sources */ = {isa = PBXBuildFile; fileRef = 52083653228D71030015E1E0 /* SMCallStack.m */; };
		52083665228D71030015E1E0 /* SMClsCallCell.m in Sources */ = {isa = PBXBuildFile; fileRef = 52083656228D71030015E1E0 /* SMClsCallCell.m */; };
		52083666228D71030015E1E0 /* SMCallTraceCore.c in Sources */ = {isa = PBXBuildFile; fileRef = 52083657228D71030015E1E0 /* SMCallTraceCore.c */; };
		52083667228D71030015E1E0 /* SMCallLib.m in Sources */ = {isa = PBXBuildFile; fileRef = 52083658228D71030015E1E0 /* SMCallLib.m */; };
		52083668228D71030015E1E0 /* SMClsCallViewController.m in Sources */ = {isa = PBXBuildFile; fileRef = 5208365A228D71030015E1E0 /* SMClsCallViewController.m */; };
		520ED1CC2280235E00AD6904 /* QDThemeManager.m in Sources */ = {isa = PBXBuildFile; fileRef = 520ED1C32280235E00AD6904 /* QDThemeManager.m */; };
		520ED1CD2280235E00AD6904 /* QMUIConfigurationTemplatePinkRose.m in Sources */ = {isa = PBXBuildFile; fileRef = 520ED1C42280235E00AD6904 /* QMUIConfigurationTemplatePinkRose.m */; };
		520ED1CE2280235E00AD6904 /* QMUIConfigurationTemplateGrass.m in Sources */ = {isa = PBXBuildFile; fileRef = 520ED1C62280235E00AD6904 /* QMUIConfigurationTemplateGrass.m */; };
		520ED1CF2280235E00AD6904 /* QMUIConfigurationTemplateGrapefruit.m in Sources */ = {isa = PBXBuildFile; fileRef = 520ED1C82280235E00AD6904 /* QMUIConfigurationTemplateGrapefruit.m */; };
		520ED1D02280235E00AD6904 /* QMUIConfigurationTemplate.m in Sources */ = {isa = PBXBuildFile; fileRef = 520ED1CB2280235E00AD6904 /* QMUIConfigurationTemplate.m */; };
		520ED1E222802BFF00AD6904 /* QDCommonGroupListViewController.m in Sources */ = {isa = PBXBuildFile; fileRef = 520ED1D422802BFE00AD6904 /* QDCommonGroupListViewController.m */; };
		520ED1E322802BFF00AD6904 /* QDCommonViewController.m in Sources */ = {isa = PBXBuildFile; fileRef = 520ED1D722802BFE00AD6904 /* QDCommonViewController.m */; };
		520ED1E422802BFF00AD6904 /* QDCommonGridViewController.m in Sources */ = {isa = PBXBuildFile; fileRef = 520ED1DA22802BFE00AD6904 /* QDCommonGridViewController.m */; };
		520ED1E522802BFF00AD6904 /* QDTabBarViewController.m in Sources */ = {isa = PBXBuildFile; fileRef = 520ED1DB22802BFE00AD6904 /* QDTabBarViewController.m */; };
		520ED1E622802BFF00AD6904 /* QDCommonListViewController.m in Sources */ = {isa = PBXBuildFile; fileRef = 520ED1DD22802BFE00AD6904 /* QDCommonListViewController.m */; };
		520ED1E722802BFF00AD6904 /* QDNavigationController.m in Sources */ = {isa = PBXBuildFile; fileRef = 520ED1E022802BFE00AD6904 /* QDNavigationController.m */; };
		520ED1E822802BFF00AD6904 /* QDCommonTableViewController.m in Sources */ = {isa = PBXBuildFile; fileRef = 520ED1E122802BFE00AD6904 /* QDCommonTableViewController.m */; };
		520ED1F022802C1D00AD6904 /* QDUIHelper.m in Sources */ = {isa = PBXBuildFile; fileRef = 520ED1EC22802C1D00AD6904 /* QDUIHelper.m */; };
		520ED1F122802C1D00AD6904 /* UIImageEffects.m in Sources */ = {isa = PBXBuildFile; fileRef = 520ED1ED22802C1D00AD6904 /* UIImageEffects.m */; };
		520ED1F222802C1D00AD6904 /* QDCommonUI.m in Sources */ = {isa = PBXBuildFile; fileRef = 520ED1EE22802C1D00AD6904 /* QDCommonUI.m */; };
		520ED1FB22803A2600AD6904 /* LaunchScreen.xib in Resources */ = {isa = PBXBuildFile; fileRef = 520ED1FA22803A2600AD6904 /* LaunchScreen.xib */; };
		520ED2022280429700AD6904 /* HomeViewController.m in Sources */ = {isa = PBXBuildFile; fileRef = 520ED2012280429700AD6904 /* HomeViewController.m */; };
		520ED205228042BD00AD6904 /* MyViewController.m in Sources */ = {isa = PBXBuildFile; fileRef = 520ED204228042BD00AD6904 /* MyViewController.m */; };
		520ED208228042C600AD6904 /* FindViewController.m in Sources */ = {isa = PBXBuildFile; fileRef = 520ED207228042C600AD6904 /* FindViewController.m */; };
		520ED20B228042D300AD6904 /* AddressViewController.m in Sources */ = {isa = PBXBuildFile; fileRef = 520ED20A228042D300AD6904 /* AddressViewController.m */; };
		523C959E2282C6BD00B20265 /* HomeInfoHttpRequest.m in Sources */ = {isa = PBXBuildFile; fileRef = 523C959D2282C6BD00B20265 /* HomeInfoHttpRequest.m */; };
		525565D522E9B21B0033B43E /* BTYRatePicker.m in Sources */ = {isa = PBXBuildFile; fileRef = 525565D422E9B21B0033B43E /* BTYRatePicker.m */; };
		528F64FD2254A63000A0095A /* AppDelegate.m in Sources */ = {isa = PBXBuildFile; fileRef = 528F64FC2254A63000A0095A /* AppDelegate.m */; };
		528F65002254A63000A0095A /* ViewController.m in Sources */ = {isa = PBXBuildFile; fileRef = 528F64FF2254A63000A0095A /* ViewController.m */; };
		528F65052254A63100A0095A /* Assets.xcassets in Resources */ = {isa = PBXBuildFile; fileRef = 528F65042254A63100A0095A /* Assets.xcassets */; };
		528F650B2254A63100A0095A /* main.m in Sources */ = {isa = PBXBuildFile; fileRef = 528F650A2254A63100A0095A /* main.m */; };
		52D0DD302286739500AB70ED /* ZYBaseRequest.m in Sources */ = {isa = PBXBuildFile; fileRef = 52D0DD2F2286739500AB70ED /* ZYBaseRequest.m */; };
		52D0DD332286A20500AB70ED /* ZYPostRequest.m in Sources */ = {isa = PBXBuildFile; fileRef = 52D0DD322286A20500AB70ED /* ZYPostRequest.m */; };
		52F3346E23603F8300C600BB /* UploadEventHttpApi.m in Sources */ = {isa = PBXBuildFile; fileRef = 52F3346023603F8200C600BB /* UploadEventHttpApi.m */; };
		52F3346F23603F8300C600BB /* ZMMobClick.m in Sources */ = {isa = PBXBuildFile; fileRef = 52F3346323603F8200C600BB /* ZMMobClick.m */; };
		52F3347023603F8300C600BB /* SimpleAnalyticsEvent.m in Sources */ = {isa = PBXBuildFile; fileRef = 52F3346823603F8200C600BB /* SimpleAnalyticsEvent.m */; };
		52F3347123603F8300C600BB /* ZMAnalyticsConfig.m in Sources */ = {isa = PBXBuildFile; fileRef = 52F3346B23603F8200C600BB /* ZMAnalyticsConfig.m */; };
		52F3347223603F8300C600BB /* MsgBodyDTO.m in Sources */ = {isa = PBXBuildFile; fileRef = 52F3346C23603F8200C600BB /* MsgBodyDTO.m */; };
		52F3347323603F8300C600BB /* ZMAnalyticsContext.m in Sources */ = {isa = PBXBuildFile; fileRef = 52F3346D23603F8300C600BB /* ZMAnalyticsContext.m */; };
		52F33476236045D000C600BB /* app-config.plist in Resources */ = {isa = PBXBuildFile; fileRef = 52F33475236045D000C600BB /* app-config.plist */; };
		52F33489236046C700C600BB /* BaseZYHttpEngine.m in Sources */ = {isa = PBXBuildFile; fileRef = 52F3347A236046C500C600BB /* BaseZYHttpEngine.m */; };
		52F3348A236046C700C600BB /* ZYHttpFactory.m in Sources */ = {isa = PBXBuildFile; fileRef = 52F3347B236046C600C600BB /* ZYHttpFactory.m */; };
		52F3348B236046C700C600BB /* BaseZYHttpRequest.m in Sources */ = {isa = PBXBuildFile; fileRef = 52F3347C236046C600C600BB /* BaseZYHttpRequest.m */; };
		52F3348C236046C700C600BB /* ZYHttpFilterCore.m in Sources */ = {isa = PBXBuildFile; fileRef = 52F33480236046C600C600BB /* ZYHttpFilterCore.m */; };
		52F3348D236046C700C600BB /* BaseZYHttpResponse.m in Sources */ = {isa = PBXBuildFile; fileRef = 52F33483236046C600C600BB /* BaseZYHttpResponse.m */; };
		52F3348E236046C700C600BB /* ZYHttpEngineConfig.m in Sources */ = {isa = PBXBuildFile; fileRef = 52F33485236046C600C600BB /* ZYHttpEngineConfig.m */; };
		52F33493236046D600C600BB /* ZYHTTPSessionManagerStorage.m in Sources */ = {isa = PBXBuildFile; fileRef = 52F33491236046D600C600BB /* ZYHTTPSessionManagerStorage.m */; };
		52F33494236046D600C600BB /* AFZYHttpEngine.m in Sources */ = {isa = PBXBuildFile; fileRef = 52F33492236046D600C600BB /* AFZYHttpEngine.m */; };
		52F3349823605D0900C600BB /* AbstractZYBusinessObject.m in Sources */ = {isa = PBXBuildFile; fileRef = 52F3349723605D0900C600BB /* AbstractZYBusinessObject.m */; };
		52F3349C23606AF500C600BB /* ZYStringUtils.m in Sources */ = {isa = PBXBuildFile; fileRef = 52F3349B23606AF500C600BB /* ZYStringUtils.m */; };
		52F3349F23606C5400C600BB /* ZYFileUtils.m in Sources */ = {isa = PBXBuildFile; fileRef = 52F3349E23606C5400C600BB /* ZYFileUtils.m */; };
		52F334A723618C9F00C600BB /* ZYNetworkContextConfig.m in Sources */ = {isa = PBXBuildFile; fileRef = 52F334A123618C9F00C600BB /* ZYNetworkContextConfig.m */; };
		52F334A823618C9F00C600BB /* ZYNetworkActivityService.m in Sources */ = {isa = PBXBuildFile; fileRef = 52F334A423618C9F00C600BB /* ZYNetworkActivityService.m */; };
		52F334A923618C9F00C600BB /* ZYNetworkContext.m in Sources */ = {isa = PBXBuildFile; fileRef = 52F334A623618C9F00C600BB /* ZYNetworkContext.m */; };
		52F334AC236192DD00C600BB /* ZYUUIDUtils.m in Sources */ = {isa = PBXBuildFile; fileRef = 52F334AB236192DD00C600BB /* ZYUUIDUtils.m */; };
		52F334B023630DDE00C600BB /* ZMAppAnalyticsDataStorage.m in Sources */ = {isa = PBXBuildFile; fileRef = 52F334AE23630DDE00C600BB /* ZMAppAnalyticsDataStorage.m */; };
		52F78961237016A000F91BD3 /* MsgCommonInfoDto.m in Sources */ = {isa = PBXBuildFile; fileRef = 52F78960237016A000F91BD3 /* MsgCommonInfoDto.m */; };
		52F7896423702A2700F91BD3 /* ZMScreenInfoDto.m in Sources */ = {isa = PBXBuildFile; fileRef = 52F7896323702A2700F91BD3 /* ZMScreenInfoDto.m */; };
		52F78967237032B000F91BD3 /* ZMEventInfoDto.m in Sources */ = {isa = PBXBuildFile; fileRef = 52F78966237032B000F91BD3 /* ZMEventInfoDto.m */; };
		F6D37D56FF2989B5414F623E /* libPods-ios-zy-hulk.a in Frameworks */ = {isa = PBXBuildFile; fileRef = 175D12E19D34128C21E9ACF4 /* libPods-ios-zy-hulk.a */; };
/* End PBXBuildFile section */

/* Begin PBXFileReference section */
		175D12E19D34128C21E9ACF4 /* libPods-ios-zy-hulk.a */ = {isa = PBXFileReference; explicitFileType = archive.ar; includeInIndex = 0; path = "libPods-ios-zy-hulk.a"; sourceTree = BUILT_PRODUCTS_DIR; };
		30A7C79270D74C3DA0790565 /* Pods-ios-zy-hulk.release.xcconfig */ = {isa = PBXFileReference; includeInIndex = 1; lastKnownFileType = text.xcconfig; name = "Pods-ios-zy-hulk.release.xcconfig"; path = "Pods/Target Support Files/Pods-ios-zy-hulk/Pods-ios-zy-hulk.release.xcconfig"; sourceTree = "<group>"; };
		39528F87404766717C4D34C5 /* Pods-ios-zy-hulk.debug.xcconfig */ = {isa = PBXFileReference; includeInIndex = 1; lastKnownFileType = text.xcconfig; name = "Pods-ios-zy-hulk.debug.xcconfig"; path = "Pods/Target Support Files/Pods-ios-zy-hulk/Pods-ios-zy-hulk.debug.xcconfig"; sourceTree = "<group>"; };
		520170E3234F18CA00D6ED13 /* ZMapfmishhook.c */ = {isa = PBXFileReference; fileEncoding = 4; lastKnownFileType = sourcecode.c.c; path = ZMapfmishhook.c; sourceTree = "<group>"; };
		520170E8234F18F200D6ED13 /* APMTools.h */ = {isa = PBXFileReference; fileEncoding = 4; lastKnownFileType = sourcecode.c.h; path = APMTools.h; sourceTree = "<group>"; };
		520170E9234F18F200D6ED13 /* ZMapmfishhook.h */ = {isa = PBXFileReference; fileEncoding = 4; lastKnownFileType = sourcecode.c.h; path = ZMapmfishhook.h; sourceTree = "<group>"; };
		520170EA234F18F200D6ED13 /* APMTools.m */ = {isa = PBXFileReference; fileEncoding = 4; lastKnownFileType = sourcecode.c.objc; path = APMTools.m; sourceTree = "<group>"; };
		520170EC234F18FB00D6ED13 /* ZMFileWriter.h */ = {isa = PBXFileReference; fileEncoding = 4; lastKnownFileType = sourcecode.c.h; path = ZMFileWriter.h; sourceTree = "<group>"; };
		520170ED234F18FB00D6ED13 /* ZMFileWriter.m */ = {isa = PBXFileReference; fileEncoding = 4; lastKnownFileType = sourcecode.c.objc; path = ZMFileWriter.m; sourceTree = "<group>"; };
		520170EF234F191800D6ED13 /* ZMZAPMHookBase.h */ = {isa = PBXFileReference; fileEncoding = 4; lastKnownFileType = sourcecode.c.h; path = ZMZAPMHookBase.h; sourceTree = "<group>"; };
		520170F0234F191800D6ED13 /* ZMZAPMHookBase.m */ = {isa = PBXFileReference; fileEncoding = 4; lastKnownFileType = sourcecode.c.objc; path = ZMZAPMHookBase.m; sourceTree = "<group>"; };
		520170F2234F19C100D6ED13 /* UINavigationViewController-ZMAPMHook.m */ = {isa = PBXFileReference; fileEncoding = 4; lastKnownFileType = sourcecode.c.objc; path = "UINavigationViewController-ZMAPMHook.m"; sourceTree = "<group>"; };
		520170F3234F19C100D6ED13 /* UINavigationViewController-ZMAPMHook.h */ = {isa = PBXFileReference; fileEncoding = 4; lastKnownFileType = sourcecode.c.h; path = "UINavigationViewController-ZMAPMHook.h"; sourceTree = "<group>"; };
		520170F8234F1A9E00D6ED13 /* ZMZAPMSimplePing.h */ = {isa = PBXFileReference; fileEncoding = 4; lastKnownFileType = sourcecode.c.h; path = ZMZAPMSimplePing.h; sourceTree = "<group>"; };
		520170F9234F1A9E00D6ED13 /* ZMZAPMSimplePing.m */ = {isa = PBXFileReference; fileEncoding = 4; lastKnownFileType = sourcecode.c.objc; path = ZMZAPMSimplePing.m; sourceTree = "<group>"; };
		520170FB234F1AF400D6ED13 /* ZMZAPMBacktraceLogger.h */ = {isa = PBXFileReference; fileEncoding = 4; lastKnownFileType = sourcecode.c.h; path = ZMZAPMBacktraceLogger.h; sourceTree = "<group>"; };
		520170FC234F1AF400D6ED13 /* ZMZAPMBacktraceLogger.m */ = {isa = PBXFileReference; fileEncoding = 4; lastKnownFileType = sourcecode.c.objc; path = ZMZAPMBacktraceLogger.m; sourceTree = "<group>"; };
		520170FF234F1E5200D6ED13 /* OneViewController.h */ = {isa = PBXFileReference; lastKnownFileType = sourcecode.c.h; path = OneViewController.h; sourceTree = "<group>"; };
		52017100234F1E5200D6ED13 /* OneViewController.m */ = {isa = PBXFileReference; lastKnownFileType = sourcecode.c.objc; path = OneViewController.m; sourceTree = "<group>"; };
		52017102234F1E6000D6ED13 /* TwoViewController.h */ = {isa = PBXFileReference; lastKnownFileType = sourcecode.c.h; path = TwoViewController.h; sourceTree = "<group>"; };
		52017103234F1E6000D6ED13 /* TwoViewController.m */ = {isa = PBXFileReference; lastKnownFileType = sourcecode.c.objc; path = TwoViewController.m; sourceTree = "<group>"; };
		52017105234F1E6E00D6ED13 /* ThrViewController.h */ = {isa = PBXFileReference; lastKnownFileType = sourcecode.c.h; path = ThrViewController.h; sourceTree = "<group>"; };
		52017106234F1E6E00D6ED13 /* ThrViewController.m */ = {isa = PBXFileReference; lastKnownFileType = sourcecode.c.objc; path = ThrViewController.m; sourceTree = "<group>"; };
		52017108234F20CB00D6ED13 /* ZMAPM.m */ = {isa = PBXFileReference; fileEncoding = 4; lastKnownFileType = sourcecode.c.objc; path = ZMAPM.m; sourceTree = "<group>"; };
		52017109234F20CB00D6ED13 /* ZMAPM.h */ = {isa = PBXFileReference; fileEncoding = 4; lastKnownFileType = sourcecode.c.h; path = ZMAPM.h; sourceTree = "<group>"; };
		5201710B234F20EC00D6ED13 /* zmgetgateway.h */ = {isa = PBXFileReference; fileEncoding = 4; lastKnownFileType = sourcecode.c.h; path = zmgetgateway.h; sourceTree = "<group>"; };
		5201710C234F20EC00D6ED13 /* zmgetgateway.c */ = {isa = PBXFileReference; fileEncoding = 4; lastKnownFileType = sourcecode.c.c; path = zmgetgateway.c; sourceTree = "<group>"; };
		5201710E234F210000D6ED13 /* zmroute.h */ = {isa = PBXFileReference; fileEncoding = 4; lastKnownFileType = sourcecode.c.h; path = zmroute.h; sourceTree = "<group>"; };
		5201710F234F211C00D6ED13 /* UIControl-ZMAPMHook.h */ = {isa = PBXFileReference; fileEncoding = 4; lastKnownFileType = sourcecode.c.h; path = "UIControl-ZMAPMHook.h"; sourceTree = "<group>"; };
		52017110234F211C00D6ED13 /* UIControl-ZMAPMHook.m */ = {isa = PBXFileReference; fileEncoding = 4; lastKnownFileType = sourcecode.c.objc; path = "UIControl-ZMAPMHook.m"; sourceTree = "<group>"; };
		52017112234F212B00D6ED13 /* UIViewController-ZMAPMHook.m */ = {isa = PBXFileReference; fileEncoding = 4; lastKnownFileType = sourcecode.c.objc; path = "UIViewController-ZMAPMHook.m"; sourceTree = "<group>"; };
		52017113234F212B00D6ED13 /* UIViewController-ZMAPMHook.h */ = {isa = PBXFileReference; fileEncoding = 4; lastKnownFileType = sourcecode.c.h; path = "UIViewController-ZMAPMHook.h"; sourceTree = "<group>"; };
		5208363F228D71030015E1E0 /* SMStackCell.h */ = {isa = PBXFileReference; fileEncoding = 4; lastKnownFileType = sourcecode.c.h; path = SMStackCell.h; sourceTree = "<group>"; };
		52083640228D71030015E1E0 /* SMCallStackModel.m */ = {isa = PBXFileReference; fileEncoding = 4; lastKnownFileType = sourcecode.c.objc; path = SMCallStackModel.m; sourceTree = "<group>"; };
		52083641228D71030015E1E0 /* SMCallTrace.h */ = {isa = PBXFileReference; fileEncoding = 4; lastKnownFileType = sourcecode.c.h; path = SMCallTrace.h; sourceTree = "<group>"; };
		52083642228D71030015E1E0 /* SMLagMonitor.h */ = {isa = PBXFileReference; fileEncoding = 4; lastKnownFileType = sourcecode.c.h; path = SMLagMonitor.h; sourceTree = "<group>"; };
		52083643228D71030015E1E0 /* SMLagButton.m */ = {isa = PBXFileReference; fileEncoding = 4; lastKnownFileType = sourcecode.c.objc; path = SMLagButton.m; sourceTree = "<group>"; };
		52083644228D71030015E1E0 /* SMLagDB.m */ = {isa = PBXFileReference; fileEncoding = 4; lastKnownFileType = sourcecode.c.objc; path = SMLagDB.m; sourceTree = "<group>"; };
		52083645228D71030015E1E0 /* SMCallStack.h */ = {isa = PBXFileReference; fileEncoding = 4; lastKnownFileType = sourcecode.c.h; path = SMCallStack.h; sourceTree = "<group>"; };
		52083646228D71030015E1E0 /* SMCPUMonitor.m */ = {isa = PBXFileReference; fileEncoding = 4; lastKnownFileType = sourcecode.c.objc; path = SMCPUMonitor.m; sourceTree = "<group>"; };
		52083647228D71030015E1E0 /* SMStackViewController.h */ = {isa = PBXFileReference; fileEncoding = 4; lastKnownFileType = sourcecode.c.h; path = SMStackViewController.h; sourceTree = "<group>"; };
		52083648228D71030015E1E0 /* SMCallTraceCore.h */ = {isa = PBXFileReference; fileEncoding = 4; lastKnownFileType = sourcecode.c.h; path = SMCallTraceCore.h; sourceTree = "<group>"; };
		52083649228D71030015E1E0 /* SMClsCallCell.h */ = {isa = PBXFileReference; fileEncoding = 4; lastKnownFileType = sourcecode.c.h; path = SMClsCallCell.h; sourceTree = "<group>"; };
		5208364A228D71030015E1E0 /* SMClsCallViewController.h */ = {isa = PBXFileReference; fileEncoding = 4; lastKnownFileType = sourcecode.c.h; path = SMClsCallViewController.h; sourceTree = "<group>"; };
		5208364B228D71030015E1E0 /* SMCallTraceTimeCostModel.m */ = {isa = PBXFileReference; fileEncoding = 4; lastKnownFileType = sourcecode.c.objc; path = SMCallTraceTimeCostModel.m; sourceTree = "<group>"; };
		5208364C228D71030015E1E0 /* SMCallLib.h */ = {isa = PBXFileReference; fileEncoding = 4; lastKnownFileType = sourcecode.c.h; path = SMCallLib.h; sourceTree = "<group>"; };
		5208364D228D71030015E1E0 /* SMLagButton.h */ = {isa = PBXFileReference; fileEncoding = 4; lastKnownFileType = sourcecode.c.h; path = SMLagButton.h; sourceTree = "<group>"; };
		5208364E228D71030015E1E0 /* SMLagMonitor.m */ = {isa = PBXFileReference; fileEncoding = 4; lastKnownFileType = sourcecode.c.objc; path = SMLagMonitor.m; sourceTree = "<group>"; };
		5208364F228D71030015E1E0 /* SMCallTrace.m */ = {isa = PBXFileReference; fileEncoding = 4; lastKnownFileType = sourcecode.c.objc; path = SMCallTrace.m; sourceTree = "<group>"; };
		52083650228D71030015E1E0 /* SMCallStackModel.h */ = {isa = PBXFileReference; fileEncoding = 4; lastKnownFileType = sourcecode.c.h; path = SMCallStackModel.h; sourceTree = "<group>"; };
		52083651228D71030015E1E0 /* SMStackCell.m */ = {isa = PBXFileReference; fileEncoding = 4; lastKnownFileType = sourcecode.c.objc; path = SMStackCell.m; sourceTree = "<group>"; };
		52083652228D71030015E1E0 /* SMStackViewController.m */ = {isa = PBXFileReference; fileEncoding = 4; lastKnownFileType = sourcecode.c.objc; path = SMStackViewController.m; sourceTree = "<group>"; };
		52083653228D71030015E1E0 /* SMCallStack.m */ = {isa = PBXFileReference; fileEncoding = 4; lastKnownFileType = sourcecode.c.objc; path = SMCallStack.m; sourceTree = "<group>"; };
		52083654228D71030015E1E0 /* SMCPUMonitor.h */ = {isa = PBXFileReference; fileEncoding = 4; lastKnownFileType = sourcecode.c.h; path = SMCPUMonitor.h; sourceTree = "<group>"; };
		52083655228D71030015E1E0 /* SMLagDB.h */ = {isa = PBXFileReference; fileEncoding = 4; lastKnownFileType = sourcecode.c.h; path = SMLagDB.h; sourceTree = "<group>"; };
		52083656228D71030015E1E0 /* SMClsCallCell.m */ = {isa = PBXFileReference; fileEncoding = 4; lastKnownFileType = sourcecode.c.objc; path = SMClsCallCell.m; sourceTree = "<group>"; };
		52083657228D71030015E1E0 /* SMCallTraceCore.c */ = {isa = PBXFileReference; fileEncoding = 4; lastKnownFileType = sourcecode.c.c; path = SMCallTraceCore.c; sourceTree = "<group>"; };
		52083658228D71030015E1E0 /* SMCallLib.m */ = {isa = PBXFileReference; fileEncoding = 4; lastKnownFileType = sourcecode.c.objc; path = SMCallLib.m; sourceTree = "<group>"; };
		52083659228D71030015E1E0 /* SMCallTraceTimeCostModel.h */ = {isa = PBXFileReference; fileEncoding = 4; lastKnownFileType = sourcecode.c.h; path = SMCallTraceTimeCostModel.h; sourceTree = "<group>"; };
		5208365A228D71030015E1E0 /* SMClsCallViewController.m */ = {isa = PBXFileReference; fileEncoding = 4; lastKnownFileType = sourcecode.c.objc; path = SMClsCallViewController.m; sourceTree = "<group>"; };
		520ED1C12280235E00AD6904 /* QMUIConfigurationTemplateGrass.h */ = {isa = PBXFileReference; fileEncoding = 4; lastKnownFileType = sourcecode.c.h; path = QMUIConfigurationTemplateGrass.h; sourceTree = "<group>"; };
		520ED1C22280235E00AD6904 /* QMUIConfigurationTemplateGrapefruit.h */ = {isa = PBXFileReference; fileEncoding = 4; lastKnownFileType = sourcecode.c.h; path = QMUIConfigurationTemplateGrapefruit.h; sourceTree = "<group>"; };
		520ED1C32280235E00AD6904 /* QDThemeManager.m */ = {isa = PBXFileReference; fileEncoding = 4; lastKnownFileType = sourcecode.c.objc; path = QDThemeManager.m; sourceTree = "<group>"; };
		520ED1C42280235E00AD6904 /* QMUIConfigurationTemplatePinkRose.m */ = {isa = PBXFileReference; fileEncoding = 4; lastKnownFileType = sourcecode.c.objc; path = QMUIConfigurationTemplatePinkRose.m; sourceTree = "<group>"; };
		520ED1C52280235E00AD6904 /* QMUIConfigurationTemplate.h */ = {isa = PBXFileReference; fileEncoding = 4; lastKnownFileType = sourcecode.c.h; path = QMUIConfigurationTemplate.h; sourceTree = "<group>"; };
		520ED1C62280235E00AD6904 /* QMUIConfigurationTemplateGrass.m */ = {isa = PBXFileReference; fileEncoding = 4; lastKnownFileType = sourcecode.c.objc; path = QMUIConfigurationTemplateGrass.m; sourceTree = "<group>"; };
		520ED1C72280235E00AD6904 /* QDThemeProtocol.h */ = {isa = PBXFileReference; fileEncoding = 4; lastKnownFileType = sourcecode.c.h; path = QDThemeProtocol.h; sourceTree = "<group>"; };
		520ED1C82280235E00AD6904 /* QMUIConfigurationTemplateGrapefruit.m */ = {isa = PBXFileReference; fileEncoding = 4; lastKnownFileType = sourcecode.c.objc; path = QMUIConfigurationTemplateGrapefruit.m; sourceTree = "<group>"; };
		520ED1C92280235E00AD6904 /* QDThemeManager.h */ = {isa = PBXFileReference; fileEncoding = 4; lastKnownFileType = sourcecode.c.h; path = QDThemeManager.h; sourceTree = "<group>"; };
		520ED1CA2280235E00AD6904 /* QMUIConfigurationTemplatePinkRose.h */ = {isa = PBXFileReference; fileEncoding = 4; lastKnownFileType = sourcecode.c.h; path = QMUIConfigurationTemplatePinkRose.h; sourceTree = "<group>"; };
		520ED1CB2280235E00AD6904 /* QMUIConfigurationTemplate.m */ = {isa = PBXFileReference; fileEncoding = 4; lastKnownFileType = sourcecode.c.objc; path = QMUIConfigurationTemplate.m; sourceTree = "<group>"; };
		520ED1D422802BFE00AD6904 /* QDCommonGroupListViewController.m */ = {isa = PBXFileReference; fileEncoding = 4; lastKnownFileType = sourcecode.c.objc; path = QDCommonGroupListViewController.m; sourceTree = "<group>"; };
		520ED1D522802BFE00AD6904 /* QDTabBarViewController.h */ = {isa = PBXFileReference; fileEncoding = 4; lastKnownFileType = sourcecode.c.h; path = QDTabBarViewController.h; sourceTree = "<group>"; };
		520ED1D622802BFE00AD6904 /* QDCommonListViewController.h */ = {isa = PBXFileReference; fileEncoding = 4; lastKnownFileType = sourcecode.c.h; path = QDCommonListViewController.h; sourceTree = "<group>"; };
		520ED1D722802BFE00AD6904 /* QDCommonViewController.m */ = {isa = PBXFileReference; fileEncoding = 4; lastKnownFileType = sourcecode.c.objc; path = QDCommonViewController.m; sourceTree = "<group>"; };
		520ED1D822802BFE00AD6904 /* QDNavigationController.h */ = {isa = PBXFileReference; fileEncoding = 4; lastKnownFileType = sourcecode.c.h; path = QDNavigationController.h; sourceTree = "<group>"; };
		520ED1D922802BFE00AD6904 /* QDCommonTableViewController.h */ = {isa = PBXFileReference; fileEncoding = 4; lastKnownFileType = sourcecode.c.h; path = QDCommonTableViewController.h; sourceTree = "<group>"; };
		520ED1DA22802BFE00AD6904 /* QDCommonGridViewController.m */ = {isa = PBXFileReference; fileEncoding = 4; lastKnownFileType = sourcecode.c.objc; path = QDCommonGridViewController.m; sourceTree = "<group>"; };
		520ED1DB22802BFE00AD6904 /* QDTabBarViewController.m */ = {isa = PBXFileReference; fileEncoding = 4; lastKnownFileType = sourcecode.c.objc; path = QDTabBarViewController.m; sourceTree = "<group>"; };
		520ED1DC22802BFE00AD6904 /* QDCommonGroupListViewController.h */ = {isa = PBXFileReference; fileEncoding = 4; lastKnownFileType = sourcecode.c.h; path = QDCommonGroupListViewController.h; sourceTree = "<group>"; };
		520ED1DD22802BFE00AD6904 /* QDCommonListViewController.m */ = {isa = PBXFileReference; fileEncoding = 4; lastKnownFileType = sourcecode.c.objc; path = QDCommonListViewController.m; sourceTree = "<group>"; };
		520ED1DE22802BFE00AD6904 /* QDCommonGridViewController.h */ = {isa = PBXFileReference; fileEncoding = 4; lastKnownFileType = sourcecode.c.h; path = QDCommonGridViewController.h; sourceTree = "<group>"; };
		520ED1DF22802BFE00AD6904 /* QDCommonViewController.h */ = {isa = PBXFileReference; fileEncoding = 4; lastKnownFileType = sourcecode.c.h; path = QDCommonViewController.h; sourceTree = "<group>"; };
		520ED1E022802BFE00AD6904 /* QDNavigationController.m */ = {isa = PBXFileReference; fileEncoding = 4; lastKnownFileType = sourcecode.c.objc; path = QDNavigationController.m; sourceTree = "<group>"; };
		520ED1E122802BFE00AD6904 /* QDCommonTableViewController.m */ = {isa = PBXFileReference; fileEncoding = 4; lastKnownFileType = sourcecode.c.objc; path = QDCommonTableViewController.m; sourceTree = "<group>"; };
		520ED1EA22802C1D00AD6904 /* UIImageEffects.h */ = {isa = PBXFileReference; fileEncoding = 4; lastKnownFileType = sourcecode.c.h; path = UIImageEffects.h; sourceTree = "<group>"; };
		520ED1EB22802C1D00AD6904 /* QDCommonUI.h */ = {isa = PBXFileReference; fileEncoding = 4; lastKnownFileType = sourcecode.c.h; path = QDCommonUI.h; sourceTree = "<group>"; };
		520ED1EC22802C1D00AD6904 /* QDUIHelper.m */ = {isa = PBXFileReference; fileEncoding = 4; lastKnownFileType = sourcecode.c.objc; path = QDUIHelper.m; sourceTree = "<group>"; };
		520ED1ED22802C1D00AD6904 /* UIImageEffects.m */ = {isa = PBXFileReference; fileEncoding = 4; lastKnownFileType = sourcecode.c.objc; path = UIImageEffects.m; sourceTree = "<group>"; };
		520ED1EE22802C1D00AD6904 /* QDCommonUI.m */ = {isa = PBXFileReference; fileEncoding = 4; lastKnownFileType = sourcecode.c.objc; path = QDCommonUI.m; sourceTree = "<group>"; };
		520ED1EF22802C1D00AD6904 /* QDUIHelper.h */ = {isa = PBXFileReference; fileEncoding = 4; lastKnownFileType = sourcecode.c.h; path = QDUIHelper.h; sourceTree = "<group>"; };
		520ED1F322802C6C00AD6904 /* PrefixHeader.pch */ = {isa = PBXFileReference; fileEncoding = 4; lastKnownFileType = sourcecode.c.h; path = PrefixHeader.pch; sourceTree = "<group>"; };
		520ED1FA22803A2600AD6904 /* LaunchScreen.xib */ = {isa = PBXFileReference; fileEncoding = 4; lastKnownFileType = file.xib; path = LaunchScreen.xib; sourceTree = "<group>"; };
		520ED2002280429700AD6904 /* HomeViewController.h */ = {isa = PBXFileReference; lastKnownFileType = sourcecode.c.h; path = HomeViewController.h; sourceTree = "<group>"; };
		520ED2012280429700AD6904 /* HomeViewController.m */ = {isa = PBXFileReference; lastKnownFileType = sourcecode.c.objc; path = HomeViewController.m; sourceTree = "<group>"; };
		520ED203228042BD00AD6904 /* MyViewController.h */ = {isa = PBXFileReference; lastKnownFileType = sourcecode.c.h; path = MyViewController.h; sourceTree = "<group>"; };
		520ED204228042BD00AD6904 /* MyViewController.m */ = {isa = PBXFileReference; lastKnownFileType = sourcecode.c.objc; path = MyViewController.m; sourceTree = "<group>"; };
		520ED206228042C600AD6904 /* FindViewController.h */ = {isa = PBXFileReference; lastKnownFileType = sourcecode.c.h; path = FindViewController.h; sourceTree = "<group>"; };
		520ED207228042C600AD6904 /* FindViewController.m */ = {isa = PBXFileReference; lastKnownFileType = sourcecode.c.objc; path = FindViewController.m; sourceTree = "<group>"; };
		520ED209228042D300AD6904 /* AddressViewController.h */ = {isa = PBXFileReference; lastKnownFileType = sourcecode.c.h; path = AddressViewController.h; sourceTree = "<group>"; };
		520ED20A228042D300AD6904 /* AddressViewController.m */ = {isa = PBXFileReference; lastKnownFileType = sourcecode.c.objc; path = AddressViewController.m; sourceTree = "<group>"; };
		523C959C2282C6BD00B20265 /* HomeInfoHttpRequest.h */ = {isa = PBXFileReference; lastKnownFileType = sourcecode.c.h; path = HomeInfoHttpRequest.h; sourceTree = "<group>"; };
		523C959D2282C6BD00B20265 /* HomeInfoHttpRequest.m */ = {isa = PBXFileReference; lastKnownFileType = sourcecode.c.objc; path = HomeInfoHttpRequest.m; sourceTree = "<group>"; };
		525565D322E9B21B0033B43E /* BTYRatePicker.h */ = {isa = PBXFileReference; fileEncoding = 4; lastKnownFileType = sourcecode.c.h; path = BTYRatePicker.h; sourceTree = "<group>"; };
		525565D422E9B21B0033B43E /* BTYRatePicker.m */ = {isa = PBXFileReference; fileEncoding = 4; lastKnownFileType = sourcecode.c.objc; path = BTYRatePicker.m; sourceTree = "<group>"; };
		528F64F82254A63000A0095A /* ios-zy-hulk.app */ = {isa = PBXFileReference; explicitFileType = wrapper.application; includeInIndex = 0; path = "ios-zy-hulk.app"; sourceTree = BUILT_PRODUCTS_DIR; };
		528F64FB2254A63000A0095A /* AppDelegate.h */ = {isa = PBXFileReference; lastKnownFileType = sourcecode.c.h; path = AppDelegate.h; sourceTree = "<group>"; };
		528F64FC2254A63000A0095A /* AppDelegate.m */ = {isa = PBXFileReference; lastKnownFileType = sourcecode.c.objc; path = AppDelegate.m; sourceTree = "<group>"; };
		528F64FE2254A63000A0095A /* ViewController.h */ = {isa = PBXFileReference; lastKnownFileType = sourcecode.c.h; path = ViewController.h; sourceTree = "<group>"; };
		528F64FF2254A63000A0095A /* ViewController.m */ = {isa = PBXFileReference; lastKnownFileType = sourcecode.c.objc; path = ViewController.m; sourceTree = "<group>"; tabWidth = 5; };
		528F65042254A63100A0095A /* Assets.xcassets */ = {isa = PBXFileReference; lastKnownFileType = folder.assetcatalog; path = Assets.xcassets; sourceTree = "<group>"; };
		528F65092254A63100A0095A /* Info.plist */ = {isa = PBXFileReference; lastKnownFileType = text.plist.xml; path = Info.plist; sourceTree = "<group>"; };
		528F650A2254A63100A0095A /* main.m */ = {isa = PBXFileReference; lastKnownFileType = sourcecode.c.objc; path = main.m; sourceTree = "<group>"; };
		52D0DD2E2286739500AB70ED /* ZYBaseRequest.h */ = {isa = PBXFileReference; lastKnownFileType = sourcecode.c.h; path = ZYBaseRequest.h; sourceTree = "<group>"; };
		52D0DD2F2286739500AB70ED /* ZYBaseRequest.m */ = {isa = PBXFileReference; lastKnownFileType = sourcecode.c.objc; path = ZYBaseRequest.m; sourceTree = "<group>"; };
		52D0DD312286A20500AB70ED /* ZYPostRequest.h */ = {isa = PBXFileReference; lastKnownFileType = sourcecode.c.h; path = ZYPostRequest.h; sourceTree = "<group>"; };
		52D0DD322286A20500AB70ED /* ZYPostRequest.m */ = {isa = PBXFileReference; lastKnownFileType = sourcecode.c.objc; path = ZYPostRequest.m; sourceTree = "<group>"; };
		52F3346023603F8200C600BB /* UploadEventHttpApi.m */ = {isa = PBXFileReference; fileEncoding = 4; lastKnownFileType = sourcecode.c.objc; path = UploadEventHttpApi.m; sourceTree = "<group>"; };
		52F3346123603F8200C600BB /* SimpleAnalyticsEvent.h */ = {isa = PBXFileReference; fileEncoding = 4; lastKnownFileType = sourcecode.c.h; path = SimpleAnalyticsEvent.h; sourceTree = "<group>"; };
		52F3346223603F8200C600BB /* ZMMobClick.h */ = {isa = PBXFileReference; fileEncoding = 4; lastKnownFileType = sourcecode.c.h; path = ZMMobClick.h; sourceTree = "<group>"; };
		52F3346323603F8200C600BB /* ZMMobClick.m */ = {isa = PBXFileReference; fileEncoding = 4; lastKnownFileType = sourcecode.c.objc; path = ZMMobClick.m; sourceTree = "<group>"; };
		52F3346423603F8200C600BB /* IAnalyticsEvent.h */ = {isa = PBXFileReference; fileEncoding = 4; lastKnownFileType = sourcecode.c.h; path = IAnalyticsEvent.h; sourceTree = "<group>"; };
		52F3346523603F8200C600BB /* IAnalyticsDataStorage.h */ = {isa = PBXFileReference; fileEncoding = 4; lastKnownFileType = sourcecode.c.h; path = IAnalyticsDataStorage.h; sourceTree = "<group>"; };
		52F3346623603F8200C600BB /* UploadEventHttpApi.h */ = {isa = PBXFileReference; fileEncoding = 4; lastKnownFileType = sourcecode.c.h; path = UploadEventHttpApi.h; sourceTree = "<group>"; };
		52F3346723603F8200C600BB /* MsgBodyDTO.h */ = {isa = PBXFileReference; fileEncoding = 4; lastKnownFileType = sourcecode.c.h; path = MsgBodyDTO.h; sourceTree = "<group>"; };
		52F3346823603F8200C600BB /* SimpleAnalyticsEvent.m */ = {isa = PBXFileReference; fileEncoding = 4; lastKnownFileType = sourcecode.c.objc; path = SimpleAnalyticsEvent.m; sourceTree = "<group>"; };
		52F3346923603F8200C600BB /* ZMAnalyticsContext.h */ = {isa = PBXFileReference; fileEncoding = 4; lastKnownFileType = sourcecode.c.h; path = ZMAnalyticsContext.h; sourceTree = "<group>"; };
		52F3346A23603F8200C600BB /* ZMAnalyticsConfig.h */ = {isa = PBXFileReference; fileEncoding = 4; lastKnownFileType = sourcecode.c.h; path = ZMAnalyticsConfig.h; sourceTree = "<group>"; };
		52F3346B23603F8200C600BB /* ZMAnalyticsConfig.m */ = {isa = PBXFileReference; fileEncoding = 4; lastKnownFileType = sourcecode.c.objc; path = ZMAnalyticsConfig.m; sourceTree = "<group>"; };
		52F3346C23603F8200C600BB /* MsgBodyDTO.m */ = {isa = PBXFileReference; fileEncoding = 4; lastKnownFileType = sourcecode.c.objc; path = MsgBodyDTO.m; sourceTree = "<group>"; };
		52F3346D23603F8300C600BB /* ZMAnalyticsContext.m */ = {isa = PBXFileReference; fileEncoding = 4; lastKnownFileType = sourcecode.c.objc; path = ZMAnalyticsContext.m; sourceTree = "<group>"; };
		52F33475236045D000C600BB /* app-config.plist */ = {isa = PBXFileReference; lastKnownFileType = text.plist.xml; path = "app-config.plist"; sourceTree = "<group>"; };
		52F33478236046C500C600BB /* IZYHttpEngine.h */ = {isa = PBXFileReference; fileEncoding = 4; lastKnownFileType = sourcecode.c.h; path = IZYHttpEngine.h; sourceTree = "<group>"; };
		52F33479236046C500C600BB /* ZYHttpFilterCore.h */ = {isa = PBXFileReference; fileEncoding = 4; lastKnownFileType = sourcecode.c.h; path = ZYHttpFilterCore.h; sourceTree = "<group>"; };
		52F3347A236046C500C600BB /* BaseZYHttpEngine.m */ = {isa = PBXFileReference; fileEncoding = 4; lastKnownFileType = sourcecode.c.objc; path = BaseZYHttpEngine.m; sourceTree = "<group>"; };
		52F3347B236046C600C600BB /* ZYHttpFactory.m */ = {isa = PBXFileReference; fileEncoding = 4; lastKnownFileType = sourcecode.c.objc; path = ZYHttpFactory.m; sourceTree = "<group>"; };
		52F3347C236046C600C600BB /* BaseZYHttpRequest.m */ = {isa = PBXFileReference; fileEncoding = 4; lastKnownFileType = sourcecode.c.objc; path = BaseZYHttpRequest.m; sourceTree = "<group>"; };
		52F3347D236046C600C600BB /* ZYHttpEngineConfig.h */ = {isa = PBXFileReference; fileEncoding = 4; lastKnownFileType = sourcecode.c.h; path = ZYHttpEngineConfig.h; sourceTree = "<group>"; };
		52F3347E236046C600C600BB /* IZYUploadFileInfo.h */ = {isa = PBXFileReference; fileEncoding = 4; lastKnownFileType = sourcecode.c.h; path = IZYUploadFileInfo.h; sourceTree = "<group>"; };
		52F3347F236046C600C600BB /* ZYHttpFactory.h */ = {isa = PBXFileReference; fileEncoding = 4; lastKnownFileType = sourcecode.c.h; path = ZYHttpFactory.h; sourceTree = "<group>"; };
		52F33480236046C600C600BB /* ZYHttpFilterCore.m */ = {isa = PBXFileReference; fileEncoding = 4; lastKnownFileType = sourcecode.c.objc; path = ZYHttpFilterCore.m; sourceTree = "<group>"; };
		52F33481236046C600C600BB /* BaseZYHttpRequest.h */ = {isa = PBXFileReference; fileEncoding = 4; lastKnownFileType = sourcecode.c.h; path = BaseZYHttpRequest.h; sourceTree = "<group>"; };
		52F33482236046C600C600BB /* BaseZYHttpResponse.h */ = {isa = PBXFileReference; fileEncoding = 4; lastKnownFileType = sourcecode.c.h; path = BaseZYHttpResponse.h; sourceTree = "<group>"; };
		52F33483236046C600C600BB /* BaseZYHttpResponse.m */ = {isa = PBXFileReference; fileEncoding = 4; lastKnownFileType = sourcecode.c.objc; path = BaseZYHttpResponse.m; sourceTree = "<group>"; };
		52F33484236046C600C600BB /* IZYHttpResponse.h */ = {isa = PBXFileReference; fileEncoding = 4; lastKnownFileType = sourcecode.c.h; path = IZYHttpResponse.h; sourceTree = "<group>"; };
		52F33485236046C600C600BB /* ZYHttpEngineConfig.m */ = {isa = PBXFileReference; fileEncoding = 4; lastKnownFileType = sourcecode.c.objc; path = ZYHttpEngineConfig.m; sourceTree = "<group>"; };
		52F33486236046C600C600BB /* BaseZYHttpEngine.h */ = {isa = PBXFileReference; fileEncoding = 4; lastKnownFileType = sourcecode.c.h; path = BaseZYHttpEngine.h; sourceTree = "<group>"; };
		52F33487236046C700C600BB /* IZYHttpRequest.h */ = {isa = PBXFileReference; fileEncoding = 4; lastKnownFileType = sourcecode.c.h; path = IZYHttpRequest.h; sourceTree = "<group>"; };
		52F33488236046C700C600BB /* IZYHttpFilter.h */ = {isa = PBXFileReference; fileEncoding = 4; lastKnownFileType = sourcecode.c.h; path = IZYHttpFilter.h; sourceTree = "<group>"; };
		52F3348F236046D600C600BB /* AFZYHttpEngine.h */ = {isa = PBXFileReference; fileEncoding = 4; lastKnownFileType = sourcecode.c.h; path = AFZYHttpEngine.h; sourceTree = "<group>"; };
		52F33490236046D600C600BB /* ZYHTTPSessionManagerStorage.h */ = {isa = PBXFileReference; fileEncoding = 4; lastKnownFileType = sourcecode.c.h; path = ZYHTTPSessionManagerStorage.h; sourceTree = "<group>"; };
		52F33491236046D600C600BB /* ZYHTTPSessionManagerStorage.m */ = {isa = PBXFileReference; fileEncoding = 4; lastKnownFileType = sourcecode.c.objc; path = ZYHTTPSessionManagerStorage.m; sourceTree = "<group>"; };
		52F33492236046D600C600BB /* AFZYHttpEngine.m */ = {isa = PBXFileReference; fileEncoding = 4; lastKnownFileType = sourcecode.c.objc; path = AFZYHttpEngine.m; sourceTree = "<group>"; };
		52F3349623605D0900C600BB /* AbstractZYBusinessObject.h */ = {isa = PBXFileReference; fileEncoding = 4; lastKnownFileType = sourcecode.c.h; path = AbstractZYBusinessObject.h; sourceTree = "<group>"; };
		52F3349723605D0900C600BB /* AbstractZYBusinessObject.m */ = {isa = PBXFileReference; fileEncoding = 4; lastKnownFileType = sourcecode.c.objc; path = AbstractZYBusinessObject.m; sourceTree = "<group>"; };
		52F3349923605DB800C600BB /* ZMSingleton.h */ = {isa = PBXFileReference; fileEncoding = 4; lastKnownFileType = sourcecode.c.h; path = ZMSingleton.h; sourceTree = "<group>"; };
		52F3349A23606AF500C600BB /* ZYStringUtils.h */ = {isa = PBXFileReference; fileEncoding = 4; lastKnownFileType = sourcecode.c.h; path = ZYStringUtils.h; sourceTree = "<group>"; };
		52F3349B23606AF500C600BB /* ZYStringUtils.m */ = {isa = PBXFileReference; fileEncoding = 4; lastKnownFileType = sourcecode.c.objc; path = ZYStringUtils.m; sourceTree = "<group>"; };
		52F3349D23606C5400C600BB /* ZYFileUtils.h */ = {isa = PBXFileReference; fileEncoding = 4; lastKnownFileType = sourcecode.c.h; path = ZYFileUtils.h; sourceTree = "<group>"; };
		52F3349E23606C5400C600BB /* ZYFileUtils.m */ = {isa = PBXFileReference; fileEncoding = 4; lastKnownFileType = sourcecode.c.objc; path = ZYFileUtils.m; sourceTree = "<group>"; };
		52F334A023618C9F00C600BB /* ZYCommonNetworkService.h */ = {isa = PBXFileReference; fileEncoding = 4; lastKnownFileType = sourcecode.c.h; path = ZYCommonNetworkService.h; sourceTree = "<group>"; };
		52F334A123618C9F00C600BB /* ZYNetworkContextConfig.m */ = {isa = PBXFileReference; fileEncoding = 4; lastKnownFileType = sourcecode.c.objc; path = ZYNetworkContextConfig.m; sourceTree = "<group>"; };
		52F334A223618C9F00C600BB /* ZYNetworkContext.h */ = {isa = PBXFileReference; fileEncoding = 4; lastKnownFileType = sourcecode.c.h; path = ZYNetworkContext.h; sourceTree = "<group>"; };
		52F334A323618C9F00C600BB /* ZYNetworkActivityService.h */ = {isa = PBXFileReference; fileEncoding = 4; lastKnownFileType = sourcecode.c.h; path = ZYNetworkActivityService.h; sourceTree = "<group>"; };
		52F334A423618C9F00C600BB /* ZYNetworkActivityService.m */ = {isa = PBXFileReference; fileEncoding = 4; lastKnownFileType = sourcecode.c.objc; path = ZYNetworkActivityService.m; sourceTree = "<group>"; };
		52F334A523618C9F00C600BB /* ZYNetworkContextConfig.h */ = {isa = PBXFileReference; fileEncoding = 4; lastKnownFileType = sourcecode.c.h; path = ZYNetworkContextConfig.h; sourceTree = "<group>"; };
		52F334A623618C9F00C600BB /* ZYNetworkContext.m */ = {isa = PBXFileReference; fileEncoding = 4; lastKnownFileType = sourcecode.c.objc; path = ZYNetworkContext.m; sourceTree = "<group>"; };
		52F334AA236192DD00C600BB /* ZYUUIDUtils.h */ = {isa = PBXFileReference; fileEncoding = 4; lastKnownFileType = sourcecode.c.h; path = ZYUUIDUtils.h; sourceTree = "<group>"; };
		52F334AB236192DD00C600BB /* ZYUUIDUtils.m */ = {isa = PBXFileReference; fileEncoding = 4; lastKnownFileType = sourcecode.c.objc; path = ZYUUIDUtils.m; sourceTree = "<group>"; };
		52F334AE23630DDE00C600BB /* ZMAppAnalyticsDataStorage.m */ = {isa = PBXFileReference; fileEncoding = 4; lastKnownFileType = sourcecode.c.objc; path = ZMAppAnalyticsDataStorage.m; sourceTree = "<group>"; };
		52F334AF23630DDE00C600BB /* ZMAppAnalyticsDataStorage.h */ = {isa = PBXFileReference; fileEncoding = 4; lastKnownFileType = sourcecode.c.h; path = ZMAppAnalyticsDataStorage.h; sourceTree = "<group>"; };
		52F7895F237016A000F91BD3 /* MsgCommonInfoDto.h */ = {isa = PBXFileReference; lastKnownFileType = sourcecode.c.h; path = MsgCommonInfoDto.h; sourceTree = "<group>"; };
		52F78960237016A000F91BD3 /* MsgCommonInfoDto.m */ = {isa = PBXFileReference; lastKnownFileType = sourcecode.c.objc; path = MsgCommonInfoDto.m; sourceTree = "<group>"; };
		52F7896223702A2700F91BD3 /* ZMScreenInfoDto.h */ = {isa = PBXFileReference; lastKnownFileType = sourcecode.c.h; path = ZMScreenInfoDto.h; sourceTree = "<group>"; };
		52F7896323702A2700F91BD3 /* ZMScreenInfoDto.m */ = {isa = PBXFileReference; lastKnownFileType = sourcecode.c.objc; path = ZMScreenInfoDto.m; sourceTree = "<group>"; };
		52F78965237032B000F91BD3 /* ZMEventInfoDto.h */ = {isa = PBXFileReference; lastKnownFileType = sourcecode.c.h; path = ZMEventInfoDto.h; sourceTree = "<group>"; };
		52F78966237032B000F91BD3 /* ZMEventInfoDto.m */ = {isa = PBXFileReference; lastKnownFileType = sourcecode.c.objc; path = ZMEventInfoDto.m; sourceTree = "<group>"; };
/* End PBXFileReference section */

/* Begin PBXFrameworksBuildPhase section */
		528F64F52254A63000A0095A /* Frameworks */ = {
			isa = PBXFrameworksBuildPhase;
			buildActionMask = 2147483647;
			files = (
				F6D37D56FF2989B5414F623E /* libPods-ios-zy-hulk.a in Frameworks */,
			);
			runOnlyForDeploymentPostprocessing = 0;
		};
/* End PBXFrameworksBuildPhase section */

/* Begin PBXGroup section */
		44276CE12E0C51CED4397139 /* Frameworks */ = {
			isa = PBXGroup;
			children = (
				175D12E19D34128C21E9ACF4 /* libPods-ios-zy-hulk.a */,
			);
			name = Frameworks;
			sourceTree = "<group>";
		};
		520170E2234F187E00D6ED13 /* ZMUserBehaviorSDK */ = {
			isa = PBXGroup;
			children = (
				52F3349523605CF300C600BB /* CommonCore */,
				52F33477236046A900C600BB /* ZYHttpEngineAF */,
				52F334742360413500C600BB /* ZYHttpEngineAPI */,
				52F3345F23603F3E00C600BB /* ZMAnalytics */,
				520170E3234F18CA00D6ED13 /* ZMapfmishhook.c */,
				520170E9234F18F200D6ED13 /* ZMapmfishhook.h */,
				52017109234F20CB00D6ED13 /* ZMAPM.h */,
				52017108234F20CB00D6ED13 /* ZMAPM.m */,
				520170E8234F18F200D6ED13 /* APMTools.h */,
				520170EA234F18F200D6ED13 /* APMTools.m */,
				520170EC234F18FB00D6ED13 /* ZMFileWriter.h */,
				520170ED234F18FB00D6ED13 /* ZMFileWriter.m */,
				520170EF234F191800D6ED13 /* ZMZAPMHookBase.h */,
				520170F0234F191800D6ED13 /* ZMZAPMHookBase.m */,
				5201710C234F20EC00D6ED13 /* zmgetgateway.c */,
				5201710B234F20EC00D6ED13 /* zmgetgateway.h */,
				520170F3234F19C100D6ED13 /* UINavigationViewController-ZMAPMHook.h */,
				520170F2234F19C100D6ED13 /* UINavigationViewController-ZMAPMHook.m */,
				520170FB234F1AF400D6ED13 /* ZMZAPMBacktraceLogger.h */,
				520170FC234F1AF400D6ED13 /* ZMZAPMBacktraceLogger.m */,
				520170F8234F1A9E00D6ED13 /* ZMZAPMSimplePing.h */,
				520170F9234F1A9E00D6ED13 /* ZMZAPMSimplePing.m */,
				5201710F234F211C00D6ED13 /* UIControl-ZMAPMHook.h */,
				52017110234F211C00D6ED13 /* UIControl-ZMAPMHook.m */,
				52017113234F212B00D6ED13 /* UIViewController-ZMAPMHook.h */,
				52017112234F212B00D6ED13 /* UIViewController-ZMAPMHook.m */,
				5201710E234F210000D6ED13 /* zmroute.h */,
			);
			path = ZMUserBehaviorSDK;
			sourceTree = "<group>";
		};
		520170FE234F1DE600D6ED13 /* Other */ = {
			isa = PBXGroup;
			children = (
				52F334AD23630DD000C600BB /* Analytics */,
				520170FF234F1E5200D6ED13 /* OneViewController.h */,
				52017100234F1E5200D6ED13 /* OneViewController.m */,
				52017102234F1E6000D6ED13 /* TwoViewController.h */,
				52017103234F1E6000D6ED13 /* TwoViewController.m */,
				52017105234F1E6E00D6ED13 /* ThrViewController.h */,
				52017106234F1E6E00D6ED13 /* ThrViewController.m */,
			);
			path = Other;
			sourceTree = "<group>";
		};
		5208363E228D71030015E1E0 /* SMLagMonitor */ = {
			isa = PBXGroup;
			children = (
				5208364C228D71030015E1E0 /* SMCallLib.h */,
				52083658228D71030015E1E0 /* SMCallLib.m */,
				52083645228D71030015E1E0 /* SMCallStack.h */,
				52083653228D71030015E1E0 /* SMCallStack.m */,
				52083650228D71030015E1E0 /* SMCallStackModel.h */,
				52083640228D71030015E1E0 /* SMCallStackModel.m */,
				52083641228D71030015E1E0 /* SMCallTrace.h */,
				5208364F228D71030015E1E0 /* SMCallTrace.m */,
				52083657228D71030015E1E0 /* SMCallTraceCore.c */,
				52083648228D71030015E1E0 /* SMCallTraceCore.h */,
				52083659228D71030015E1E0 /* SMCallTraceTimeCostModel.h */,
				5208364B228D71030015E1E0 /* SMCallTraceTimeCostModel.m */,
				52083649228D71030015E1E0 /* SMClsCallCell.h */,
				52083656228D71030015E1E0 /* SMClsCallCell.m */,
				5208364A228D71030015E1E0 /* SMClsCallViewController.h */,
				5208365A228D71030015E1E0 /* SMClsCallViewController.m */,
				52083654228D71030015E1E0 /* SMCPUMonitor.h */,
				52083646228D71030015E1E0 /* SMCPUMonitor.m */,
				5208364D228D71030015E1E0 /* SMLagButton.h */,
				52083643228D71030015E1E0 /* SMLagButton.m */,
				52083655228D71030015E1E0 /* SMLagDB.h */,
				52083644228D71030015E1E0 /* SMLagDB.m */,
				52083642228D71030015E1E0 /* SMLagMonitor.h */,
				5208364E228D71030015E1E0 /* SMLagMonitor.m */,
				5208363F228D71030015E1E0 /* SMStackCell.h */,
				52083651228D71030015E1E0 /* SMStackCell.m */,
				52083647228D71030015E1E0 /* SMStackViewController.h */,
				52083652228D71030015E1E0 /* SMStackViewController.m */,
			);
			path = SMLagMonitor;
			sourceTree = "<group>";
		};
		520ED1C02280235E00AD6904 /* Configuration */ = {
			isa = PBXGroup;
			children = (
				520ED1C92280235E00AD6904 /* QDThemeManager.h */,
				520ED1C32280235E00AD6904 /* QDThemeManager.m */,
				520ED1C72280235E00AD6904 /* QDThemeProtocol.h */,
				520ED1C52280235E00AD6904 /* QMUIConfigurationTemplate.h */,
				520ED1CB2280235E00AD6904 /* QMUIConfigurationTemplate.m */,
				520ED1C22280235E00AD6904 /* QMUIConfigurationTemplateGrapefruit.h */,
				520ED1C82280235E00AD6904 /* QMUIConfigurationTemplateGrapefruit.m */,
				520ED1C12280235E00AD6904 /* QMUIConfigurationTemplateGrass.h */,
				520ED1C62280235E00AD6904 /* QMUIConfigurationTemplateGrass.m */,
				520ED1CA2280235E00AD6904 /* QMUIConfigurationTemplatePinkRose.h */,
				520ED1C42280235E00AD6904 /* QMUIConfigurationTemplatePinkRose.m */,
			);
			path = Configuration;
			sourceTree = "<group>";
		};
		520ED1D322802BFE00AD6904 /* Controllers */ = {
			isa = PBXGroup;
			children = (
				520ED1DE22802BFE00AD6904 /* QDCommonGridViewController.h */,
				520ED1DA22802BFE00AD6904 /* QDCommonGridViewController.m */,
				520ED1DC22802BFE00AD6904 /* QDCommonGroupListViewController.h */,
				520ED1D422802BFE00AD6904 /* QDCommonGroupListViewController.m */,
				520ED1D622802BFE00AD6904 /* QDCommonListViewController.h */,
				520ED1DD22802BFE00AD6904 /* QDCommonListViewController.m */,
				520ED1D922802BFE00AD6904 /* QDCommonTableViewController.h */,
				520ED1E122802BFE00AD6904 /* QDCommonTableViewController.m */,
				520ED1DF22802BFE00AD6904 /* QDCommonViewController.h */,
				520ED1D722802BFE00AD6904 /* QDCommonViewController.m */,
				520ED1D822802BFE00AD6904 /* QDNavigationController.h */,
				520ED1E022802BFE00AD6904 /* QDNavigationController.m */,
				520ED1D522802BFE00AD6904 /* QDTabBarViewController.h */,
				520ED1DB22802BFE00AD6904 /* QDTabBarViewController.m */,
			);
			path = Controllers;
			sourceTree = "<group>";
		};
		520ED1E922802C1D00AD6904 /* Utils */ = {
			isa = PBXGroup;
			children = (
				520ED1EB22802C1D00AD6904 /* QDCommonUI.h */,
				520ED1EE22802C1D00AD6904 /* QDCommonUI.m */,
				520ED1EF22802C1D00AD6904 /* QDUIHelper.h */,
				520ED1EC22802C1D00AD6904 /* QDUIHelper.m */,
				520ED1EA22802C1D00AD6904 /* UIImageEffects.h */,
				520ED1ED22802C1D00AD6904 /* UIImageEffects.m */,
				52D0DD2E2286739500AB70ED /* ZYBaseRequest.h */,
				52D0DD2F2286739500AB70ED /* ZYBaseRequest.m */,
				52D0DD312286A20500AB70ED /* ZYPostRequest.h */,
				52D0DD322286A20500AB70ED /* ZYPostRequest.m */,
			);
			path = Utils;
			sourceTree = "<group>";
		};
		520ED1F52280373200AD6904 /* Macros */ = {
			isa = PBXGroup;
			children = (
				520ED1F322802C6C00AD6904 /* PrefixHeader.pch */,
			);
			path = Macros;
			sourceTree = "<group>";
		};
		520ED1F6228037F900AD6904 /* UIKit */ = {
			isa = PBXGroup;
			children = (
			);
			path = UIKit;
			sourceTree = "<group>";
		};
		520ED1FC228041F600AD6904 /* Home */ = {
			isa = PBXGroup;
			children = (
				523C959B2282C69000B20265 /* HttpApis */,
				520ED20C22819A9600AD6904 /* Views */,
				520ED2002280429700AD6904 /* HomeViewController.h */,
				520ED2012280429700AD6904 /* HomeViewController.m */,
			);
			path = Home;
			sourceTree = "<group>";
		};
		520ED1FD2280420500AD6904 /* My */ = {
			isa = PBXGroup;
			children = (
				520ED203228042BD00AD6904 /* MyViewController.h */,
				520ED204228042BD00AD6904 /* MyViewController.m */,
			);
			path = My;
			sourceTree = "<group>";
		};
		520ED1FE2280422B00AD6904 /* Find */ = {
			isa = PBXGroup;
			children = (
				520ED206228042C600AD6904 /* FindViewController.h */,
				520ED207228042C600AD6904 /* FindViewController.m */,
			);
			path = Find;
			sourceTree = "<group>";
		};
		520ED1FF2280423400AD6904 /* Address */ = {
			isa = PBXGroup;
			children = (
				520ED209228042D300AD6904 /* AddressViewController.h */,
				520ED20A228042D300AD6904 /* AddressViewController.m */,
			);
			path = Address;
			sourceTree = "<group>";
		};
		520ED20C22819A9600AD6904 /* Views */ = {
			isa = PBXGroup;
			children = (
				525565D322E9B21B0033B43E /* BTYRatePicker.h */,
				525565D422E9B21B0033B43E /* BTYRatePicker.m */,
			);
			path = Views;
			sourceTree = "<group>";
		};
		523C959B2282C69000B20265 /* HttpApis */ = {
			isa = PBXGroup;
			children = (
				523C959C2282C6BD00B20265 /* HomeInfoHttpRequest.h */,
				523C959D2282C6BD00B20265 /* HomeInfoHttpRequest.m */,
			);
			path = HttpApis;
			sourceTree = "<group>";
		};
		528F64EF2254A62F00A0095A = {
			isa = PBXGroup;
			children = (
				528F64FA2254A63000A0095A /* ios-zy-hulk */,
				528F64F92254A63000A0095A /* Products */,
				6A427915E81A79EF0EEE35E3 /* Pods */,
				44276CE12E0C51CED4397139 /* Frameworks */,
			);
			sourceTree = "<group>";
		};
		528F64F92254A63000A0095A /* Products */ = {
			isa = PBXGroup;
			children = (
				528F64F82254A63000A0095A /* ios-zy-hulk.app */,
			);
			name = Products;
			sourceTree = "<group>";
		};
		528F64FA2254A63000A0095A /* ios-zy-hulk */ = {
			isa = PBXGroup;
			children = (
				520ED1F52280373200AD6904 /* Macros */,
				528F65112254B69A00A0095A /* Vendors */,
				528F65122254B6A400A0095A /* Common */,
				528F65132254B6B000A0095A /* Modules */,
				528F64FB2254A63000A0095A /* AppDelegate.h */,
				528F64FC2254A63000A0095A /* AppDelegate.m */,
				520ED1FA22803A2600AD6904 /* LaunchScreen.xib */,
				528F65142254B6C600A0095A /* Resources */,
				528F65092254A63100A0095A /* Info.plist */,
				52F33475236045D000C600BB /* app-config.plist */,
				528F65042254A63100A0095A /* Assets.xcassets */,
				528F65152254B73400A0095A /* Supporting Files */,
			);
			path = "ios-zy-hulk";
			sourceTree = "<group>";
		};
		528F65112254B69A00A0095A /* Vendors */ = {
			isa = PBXGroup;
			children = (
				520170E2234F187E00D6ED13 /* ZMUserBehaviorSDK */,
				5208363E228D71030015E1E0 /* SMLagMonitor */,
			);
			path = Vendors;
			sourceTree = "<group>";
		};
		528F65122254B6A400A0095A /* Common */ = {
			isa = PBXGroup;
			children = (
				520ED1E922802C1D00AD6904 /* Utils */,
				520ED1D322802BFE00AD6904 /* Controllers */,
				520ED1C02280235E00AD6904 /* Configuration */,
			);
			path = Common;
			sourceTree = "<group>";
		};
		528F65132254B6B000A0095A /* Modules */ = {
			isa = PBXGroup;
			children = (
				520170FE234F1DE600D6ED13 /* Other */,
				520ED1FF2280423400AD6904 /* Address */,
				520ED1FE2280422B00AD6904 /* Find */,
				520ED1FD2280420500AD6904 /* My */,
				520ED1FC228041F600AD6904 /* Home */,
				520ED1F6228037F900AD6904 /* UIKit */,
				528F64FE2254A63000A0095A /* ViewController.h */,
				528F64FF2254A63000A0095A /* ViewController.m */,
			);
			path = Modules;
			sourceTree = "<group>";
		};
		528F65142254B6C600A0095A /* Resources */ = {
			isa = PBXGroup;
			children = (
			);
			path = Resources;
			sourceTree = "<group>";
		};
		528F65152254B73400A0095A /* Supporting Files */ = {
			isa = PBXGroup;
			children = (
				528F650A2254A63100A0095A /* main.m */,
			);
			path = "Supporting Files";
			sourceTree = "<group>";
		};
		52F3345F23603F3E00C600BB /* ZMAnalytics */ = {
			isa = PBXGroup;
			children = (
				52F3346523603F8200C600BB /* IAnalyticsDataStorage.h */,
				52F3346423603F8200C600BB /* IAnalyticsEvent.h */,
				52F3346A23603F8200C600BB /* ZMAnalyticsConfig.h */,
				52F3346B23603F8200C600BB /* ZMAnalyticsConfig.m */,
				52F3346923603F8200C600BB /* ZMAnalyticsContext.h */,
				52F3346D23603F8300C600BB /* ZMAnalyticsContext.m */,
				52F3346223603F8200C600BB /* ZMMobClick.h */,
				52F3346323603F8200C600BB /* ZMMobClick.m */,
				52F3346723603F8200C600BB /* MsgBodyDTO.h */,
				52F3346C23603F8200C600BB /* MsgBodyDTO.m */,
				52F7896223702A2700F91BD3 /* ZMScreenInfoDto.h */,
				52F7896323702A2700F91BD3 /* ZMScreenInfoDto.m */,
				52F78965237032B000F91BD3 /* ZMEventInfoDto.h */,
				52F78966237032B000F91BD3 /* ZMEventInfoDto.m */,
				52F7895F237016A000F91BD3 /* MsgCommonInfoDto.h */,
				52F78960237016A000F91BD3 /* MsgCommonInfoDto.m */,
				52F3346123603F8200C600BB /* SimpleAnalyticsEvent.h */,
				52F3346823603F8200C600BB /* SimpleAnalyticsEvent.m */,
				52F3346623603F8200C600BB /* UploadEventHttpApi.h */,
				52F3346023603F8200C600BB /* UploadEventHttpApi.m */,
			);
			path = ZMAnalytics;
			sourceTree = "<group>";
		};
		52F334742360413500C600BB /* ZYHttpEngineAPI */ = {
			isa = PBXGroup;
			children = (
				52F33486236046C600C600BB /* BaseZYHttpEngine.h */,
				52F3347A236046C500C600BB /* BaseZYHttpEngine.m */,
				52F33481236046C600C600BB /* BaseZYHttpRequest.h */,
				52F3347C236046C600C600BB /* BaseZYHttpRequest.m */,
				52F33482236046C600C600BB /* BaseZYHttpResponse.h */,
				52F33483236046C600C600BB /* BaseZYHttpResponse.m */,
				52F33478236046C500C600BB /* IZYHttpEngine.h */,
				52F33488236046C700C600BB /* IZYHttpFilter.h */,
				52F33487236046C700C600BB /* IZYHttpRequest.h */,
				52F33484236046C600C600BB /* IZYHttpResponse.h */,
				52F3347E236046C600C600BB /* IZYUploadFileInfo.h */,
				52F3347D236046C600C600BB /* ZYHttpEngineConfig.h */,
				52F33485236046C600C600BB /* ZYHttpEngineConfig.m */,
				52F3347F236046C600C600BB /* ZYHttpFactory.h */,
				52F3347B236046C600C600BB /* ZYHttpFactory.m */,
				52F33479236046C500C600BB /* ZYHttpFilterCore.h */,
				52F33480236046C600C600BB /* ZYHttpFilterCore.m */,
			);
			path = ZYHttpEngineAPI;
			sourceTree = "<group>";
		};
		52F33477236046A900C600BB /* ZYHttpEngineAF */ = {
			isa = PBXGroup;
			children = (
				52F3348F236046D600C600BB /* AFZYHttpEngine.h */,
				52F33492236046D600C600BB /* AFZYHttpEngine.m */,
				52F33490236046D600C600BB /* ZYHTTPSessionManagerStorage.h */,
				52F33491236046D600C600BB /* ZYHTTPSessionManagerStorage.m */,
			);
			path = ZYHttpEngineAF;
			sourceTree = "<group>";
		};
		52F3349523605CF300C600BB /* CommonCore */ = {
			isa = PBXGroup;
			children = (
				52F3349623605D0900C600BB /* AbstractZYBusinessObject.h */,
				52F3349723605D0900C600BB /* AbstractZYBusinessObject.m */,
				52F3349923605DB800C600BB /* ZMSingleton.h */,
				52F3349A23606AF500C600BB /* ZYStringUtils.h */,
				52F3349B23606AF500C600BB /* ZYStringUtils.m */,
				52F3349D23606C5400C600BB /* ZYFileUtils.h */,
				52F3349E23606C5400C600BB /* ZYFileUtils.m */,
				52F334AA236192DD00C600BB /* ZYUUIDUtils.h */,
				52F334AB236192DD00C600BB /* ZYUUIDUtils.m */,
				52F334A023618C9F00C600BB /* ZYCommonNetworkService.h */,
				52F334A323618C9F00C600BB /* ZYNetworkActivityService.h */,
				52F334A423618C9F00C600BB /* ZYNetworkActivityService.m */,
				52F334A223618C9F00C600BB /* ZYNetworkContext.h */,
				52F334A623618C9F00C600BB /* ZYNetworkContext.m */,
				52F334A523618C9F00C600BB /* ZYNetworkContextConfig.h */,
				52F334A123618C9F00C600BB /* ZYNetworkContextConfig.m */,
			);
			path = CommonCore;
			sourceTree = "<group>";
		};
		52F334AD23630DD000C600BB /* Analytics */ = {
			isa = PBXGroup;
			children = (
				52F334AF23630DDE00C600BB /* ZMAppAnalyticsDataStorage.h */,
				52F334AE23630DDE00C600BB /* ZMAppAnalyticsDataStorage.m */,
			);
			path = Analytics;
			sourceTree = "<group>";
		};
		6A427915E81A79EF0EEE35E3 /* Pods */ = {
			isa = PBXGroup;
			children = (
				39528F87404766717C4D34C5 /* Pods-ios-zy-hulk.debug.xcconfig */,
				30A7C79270D74C3DA0790565 /* Pods-ios-zy-hulk.release.xcconfig */,
			);
			name = Pods;
			sourceTree = "<group>";
		};
/* End PBXGroup section */

/* Begin PBXNativeTarget section */
		528F64F72254A63000A0095A /* ios-zy-hulk */ = {
			isa = PBXNativeTarget;
			buildConfigurationList = 528F650E2254A63100A0095A /* Build configuration list for PBXNativeTarget "ios-zy-hulk" */;
			buildPhases = (
				F9DBB6F64422EFFD1CE72E49 /* [CP] Check Pods Manifest.lock */,
				528F64F42254A63000A0095A /* Sources */,
				528F64F52254A63000A0095A /* Frameworks */,
				528F64F62254A63000A0095A /* Resources */,
				F8126AFDD7583E8CF0ED994C /* [CP] Copy Pods Resources */,
			);
			buildRules = (
			);
			dependencies = (
			);
			name = "ios-zy-hulk";
			productName = "ios-zy-hulk";
			productReference = 528F64F82254A63000A0095A /* ios-zy-hulk.app */;
			productType = "com.apple.product-type.application";
		};
/* End PBXNativeTarget section */

/* Begin PBXProject section */
		528F64F02254A62F00A0095A /* Project object */ = {
			isa = PBXProject;
			attributes = {
				LastUpgradeCheck = 1010;
				ORGANIZATIONNAME = Eason;
				TargetAttributes = {
					528F64F72254A63000A0095A = {
						CreatedOnToolsVersion = 10.1;
					};
				};
			};
			buildConfigurationList = 528F64F32254A62F00A0095A /* Build configuration list for PBXProject "ios-zy-hulk" */;
			compatibilityVersion = "Xcode 9.3";
			developmentRegion = en;
			hasScannedForEncodings = 0;
			knownRegions = (
				en,
				Base,
			);
			mainGroup = 528F64EF2254A62F00A0095A;
			productRefGroup = 528F64F92254A63000A0095A /* Products */;
			projectDirPath = "";
			projectRoot = "";
			targets = (
				528F64F72254A63000A0095A /* ios-zy-hulk */,
			);
		};
/* End PBXProject section */

/* Begin PBXResourcesBuildPhase section */
		528F64F62254A63000A0095A /* Resources */ = {
			isa = PBXResourcesBuildPhase;
			buildActionMask = 2147483647;
			files = (
				520ED1FB22803A2600AD6904 /* LaunchScreen.xib in Resources */,
				52F33476236045D000C600BB /* app-config.plist in Resources */,
				528F65052254A63100A0095A /* Assets.xcassets in Resources */,
			);
			runOnlyForDeploymentPostprocessing = 0;
		};
/* End PBXResourcesBuildPhase section */

/* Begin PBXShellScriptBuildPhase section */
		F8126AFDD7583E8CF0ED994C /* [CP] Copy Pods Resources */ = {
			isa = PBXShellScriptBuildPhase;
			buildActionMask = 2147483647;
			files = (
			);
			inputFileListPaths = (
				"${PODS_ROOT}/Target Support Files/Pods-ios-zy-hulk/Pods-ios-zy-hulk-resources-${CONFIGURATION}-input-files.xcfilelist",
			);
			name = "[CP] Copy Pods Resources";
			outputFileListPaths = (
				"${PODS_ROOT}/Target Support Files/Pods-ios-zy-hulk/Pods-ios-zy-hulk-resources-${CONFIGURATION}-output-files.xcfilelist",
			);
			runOnlyForDeploymentPostprocessing = 0;
			shellPath = /bin/sh;
			shellScript = "\"${PODS_ROOT}/Target Support Files/Pods-ios-zy-hulk/Pods-ios-zy-hulk-resources.sh\"\n";
			showEnvVarsInLog = 0;
		};
		F9DBB6F64422EFFD1CE72E49 /* [CP] Check Pods Manifest.lock */ = {
			isa = PBXShellScriptBuildPhase;
			buildActionMask = 2147483647;
			files = (
			);
			inputFileListPaths = (
			);
			inputPaths = (
				"${PODS_PODFILE_DIR_PATH}/Podfile.lock",
				"${PODS_ROOT}/Manifest.lock",
			);
			name = "[CP] Check Pods Manifest.lock";
			outputFileListPaths = (
			);
			outputPaths = (
				"$(DERIVED_FILE_DIR)/Pods-ios-zy-hulk-checkManifestLockResult.txt",
			);
			runOnlyForDeploymentPostprocessing = 0;
			shellPath = /bin/sh;
			shellScript = "diff \"${PODS_PODFILE_DIR_PATH}/Podfile.lock\" \"${PODS_ROOT}/Manifest.lock\" > /dev/null\nif [ $? != 0 ] ; then\n    # print error to STDERR\n    echo \"error: The sandbox is not in sync with the Podfile.lock. Run 'pod install' or update your CocoaPods installation.\" >&2\n    exit 1\nfi\n# This output is used by Xcode 'outputs' to avoid re-running this script phase.\necho \"SUCCESS\" > \"${SCRIPT_OUTPUT_FILE_0}\"\n";
			showEnvVarsInLog = 0;
		};
/* End PBXShellScriptBuildPhase section */

/* Begin PBXSourcesBuildPhase section */
		528F64F42254A63000A0095A /* Sources */ = {
			isa = PBXSourcesBuildPhase;
			buildActionMask = 2147483647;
			files = (
				52F3349F23606C5400C600BB /* ZYFileUtils.m in Sources */,
				520ED1E622802BFF00AD6904 /* QDCommonListViewController.m in Sources */,
				52D0DD332286A20500AB70ED /* ZYPostRequest.m in Sources */,
				52F3347223603F8300C600BB /* MsgBodyDTO.m in Sources */,
				52D0DD302286739500AB70ED /* ZYBaseRequest.m in Sources */,
				52F3347123603F8300C600BB /* ZMAnalyticsConfig.m in Sources */,
				523C959E2282C6BD00B20265 /* HomeInfoHttpRequest.m in Sources */,
				52017114234F212B00D6ED13 /* UIViewController-ZMAPMHook.m in Sources */,
				52F3348B236046C700C600BB /* BaseZYHttpRequest.m in Sources */,
				520170EE234F18FB00D6ED13 /* ZMFileWriter.m in Sources */,
				52F3348D236046C700C600BB /* BaseZYHttpResponse.m in Sources */,
				52017107234F1E6E00D6ED13 /* ThrViewController.m in Sources */,
				52083665228D71030015E1E0 /* SMClsCallCell.m in Sources */,
				52083660228D71030015E1E0 /* SMLagMonitor.m in Sources */,
				52F33494236046D600C600BB /* AFZYHttpEngine.m in Sources */,
				52017104234F1E6000D6ED13 /* TwoViewController.m in Sources */,
				520ED1CE2280235E00AD6904 /* QMUIConfigurationTemplateGrass.m in Sources */,
				5208365E228D71030015E1E0 /* SMCPUMonitor.m in Sources */,
				528F65002254A63000A0095A /* ViewController.m in Sources */,
				52083664228D71030015E1E0 /* SMCallStack.m in Sources */,
				52F7896423702A2700F91BD3 /* ZMScreenInfoDto.m in Sources */,
				5208365D228D71030015E1E0 /* SMLagDB.m in Sources */,
				52F3348A236046C700C600BB /* ZYHttpFactory.m in Sources */,
				520ED20B228042D300AD6904 /* AddressViewController.m in Sources */,
				520ED1E322802BFF00AD6904 /* QDCommonViewController.m in Sources */,
				520ED1E722802BFF00AD6904 /* QDNavigationController.m in Sources */,
				52017101234F1E5200D6ED13 /* OneViewController.m in Sources */,
				52083668228D71030015E1E0 /* SMClsCallViewController.m in Sources */,
				528F650B2254A63100A0095A /* main.m in Sources */,
				520ED208228042C600AD6904 /* FindViewController.m in Sources */,
				52F334A923618C9F00C600BB /* ZYNetworkContext.m in Sources */,
				520ED1E422802BFF00AD6904 /* QDCommonGridViewController.m in Sources */,
				52F3349C23606AF500C600BB /* ZYStringUtils.m in Sources */,
				52F3348E236046C700C600BB /* ZYHttpEngineConfig.m in Sources */,
				520ED1CD2280235E00AD6904 /* QMUIConfigurationTemplatePinkRose.m in Sources */,
				52F334A723618C9F00C600BB /* ZYNetworkContextConfig.m in Sources */,
				525565D522E9B21B0033B43E /* BTYRatePicker.m in Sources */,
				52F3348C236046C700C600BB /* ZYHttpFilterCore.m in Sources */,
				5201710A234F20CB00D6ED13 /* ZMAPM.m in Sources */,
				520ED1CF2280235E00AD6904 /* QMUIConfigurationTemplateGrapefruit.m in Sources */,
				520170FD234F1AF400D6ED13 /* ZMZAPMBacktraceLogger.m in Sources */,
				520ED1E822802BFF00AD6904 /* QDCommonTableViewController.m in Sources */,
				52F3349823605D0900C600BB /* AbstractZYBusinessObject.m in Sources */,
				520ED1F022802C1D00AD6904 /* QDUIHelper.m in Sources */,
				52F33489236046C700C600BB /* BaseZYHttpEngine.m in Sources */,
				52083663228D71030015E1E0 /* SMStackViewController.m in Sources */,
				52083661228D71030015E1E0 /* SMCallTrace.m in Sources */,
				520170F4234F19C100D6ED13 /* UINavigationViewController-ZMAPMHook.m in Sources */,
				520ED1F222802C1D00AD6904 /* QDCommonUI.m in Sources */,
				5208365F228D71030015E1E0 /* SMCallTraceTimeCostModel.m in Sources */,
				520ED1CC2280235E00AD6904 /* QDThemeManager.m in Sources */,
				52083666228D71030015E1E0 /* SMCallTraceCore.c in Sources */,
				52083667228D71030015E1E0 /* SMCallLib.m in Sources */,
				52F78961237016A000F91BD3 /* MsgCommonInfoDto.m in Sources */,
				52F334AC236192DD00C600BB /* ZYUUIDUtils.m in Sources */,
				520170FA234F1A9E00D6ED13 /* ZMZAPMSimplePing.m in Sources */,
				520ED1E222802BFF00AD6904 /* QDCommonGroupListViewController.m in Sources */,
				52017111234F211C00D6ED13 /* UIControl-ZMAPMHook.m in Sources */,
				52F3347023603F8300C600BB /* SimpleAnalyticsEvent.m in Sources */,
				520170F1234F191800D6ED13 /* ZMZAPMHookBase.m in Sources */,
				520ED205228042BD00AD6904 /* MyViewController.m in Sources */,
				52083662228D71030015E1E0 /* SMStackCell.m in Sources */,
				52F3346F23603F8300C600BB /* ZMMobClick.m in Sources */,
				520170E4234F18CA00D6ED13 /* ZMapfmishhook.c in Sources */,
				520ED1D02280235E00AD6904 /* QMUIConfigurationTemplate.m in Sources */,
				528F64FD2254A63000A0095A /* AppDelegate.m in Sources */,
				520ED1E522802BFF00AD6904 /* QDTabBarViewController.m in Sources */,
				520ED2022280429700AD6904 /* HomeViewController.m in Sources */,
				52F33493236046D600C600BB /* ZYHTTPSessionManagerStorage.m in Sources */,
				5208365B228D71030015E1E0 /* SMCallStackModel.m in Sources */,
				520170EB234F18F300D6ED13 /* APMTools.m in Sources */,
				52F334A823618C9F00C600BB /* ZYNetworkActivityService.m in Sources */,
				5208365C228D71030015E1E0 /* SMLagButton.m in Sources */,
				52F334B023630DDE00C600BB /* ZMAppAnalyticsDataStorage.m in Sources */,
				520ED1F122802C1D00AD6904 /* UIImageEffects.m in Sources */,
				52F3347323603F8300C600BB /* ZMAnalyticsContext.m in Sources */,
				52F78967237032B000F91BD3 /* ZMEventInfoDto.m in Sources */,
				5201710D234F20EC00D6ED13 /* zmgetgateway.c in Sources */,
				52F3346E23603F8300C600BB /* UploadEventHttpApi.m in Sources */,
			);
			runOnlyForDeploymentPostprocessing = 0;
		};
/* End PBXSourcesBuildPhase section */

/* Begin XCBuildConfiguration section */
		528F650C2254A63100A0095A /* Debug */ = {
			isa = XCBuildConfiguration;
			buildSettings = {
				ALWAYS_SEARCH_USER_PATHS = NO;
				CLANG_ANALYZER_NONNULL = YES;
				CLANG_ANALYZER_NUMBER_OBJECT_CONVERSION = YES_AGGRESSIVE;
				CLANG_CXX_LANGUAGE_STANDARD = "gnu++14";
				CLANG_CXX_LIBRARY = "libc++";
				CLANG_ENABLE_MODULES = YES;
				CLANG_ENABLE_OBJC_ARC = YES;
				CLANG_ENABLE_OBJC_WEAK = YES;
				CLANG_WARN_BLOCK_CAPTURE_AUTORELEASING = YES;
				CLANG_WARN_BOOL_CONVERSION = YES;
				CLANG_WARN_COMMA = YES;
				CLANG_WARN_CONSTANT_CONVERSION = YES;
				CLANG_WARN_DEPRECATED_OBJC_IMPLEMENTATIONS = YES;
				CLANG_WARN_DIRECT_OBJC_ISA_USAGE = YES_ERROR;
				CLANG_WARN_DOCUMENTATION_COMMENTS = YES;
				CLANG_WARN_EMPTY_BODY = YES;
				CLANG_WARN_ENUM_CONVERSION = YES;
				CLANG_WARN_INFINITE_RECURSION = YES;
				CLANG_WARN_INT_CONVERSION = YES;
				CLANG_WARN_NON_LITERAL_NULL_CONVERSION = YES;
				CLANG_WARN_OBJC_IMPLICIT_RETAIN_SELF = YES;
				CLANG_WARN_OBJC_LITERAL_CONVERSION = YES;
				CLANG_WARN_OBJC_ROOT_CLASS = YES_ERROR;
				CLANG_WARN_RANGE_LOOP_ANALYSIS = YES;
				CLANG_WARN_STRICT_PROTOTYPES = YES;
				CLANG_WARN_SUSPICIOUS_MOVE = YES;
				CLANG_WARN_UNGUARDED_AVAILABILITY = YES_AGGRESSIVE;
				CLANG_WARN_UNREACHABLE_CODE = YES;
				CLANG_WARN__DUPLICATE_METHOD_MATCH = YES;
				CODE_SIGN_IDENTITY = "iPhone Developer";
				COPY_PHASE_STRIP = NO;
				DEBUG_INFORMATION_FORMAT = dwarf;
				ENABLE_STRICT_OBJC_MSGSEND = YES;
				ENABLE_TESTABILITY = YES;
				GCC_C_LANGUAGE_STANDARD = gnu11;
				GCC_DYNAMIC_NO_PIC = NO;
				GCC_NO_COMMON_BLOCKS = YES;
				GCC_OPTIMIZATION_LEVEL = 0;
				GCC_PREPROCESSOR_DEFINITIONS = (
					"DEBUG=1",
					"$(inherited)",
				);
				GCC_WARN_64_TO_32_BIT_CONVERSION = YES;
				GCC_WARN_ABOUT_RETURN_TYPE = YES_ERROR;
				GCC_WARN_UNDECLARED_SELECTOR = YES;
				GCC_WARN_UNINITIALIZED_AUTOS = YES_AGGRESSIVE;
				GCC_WARN_UNUSED_FUNCTION = YES;
				GCC_WARN_UNUSED_VARIABLE = YES;
				IPHONEOS_DEPLOYMENT_TARGET = 12.1;
				MTL_ENABLE_DEBUG_INFO = INCLUDE_SOURCE;
				MTL_FAST_MATH = YES;
				ONLY_ACTIVE_ARCH = YES;
				SDKROOT = iphoneos;
			};
			name = Debug;
		};
		528F650D2254A63100A0095A /* Release */ = {
			isa = XCBuildConfiguration;
			buildSettings = {
				ALWAYS_SEARCH_USER_PATHS = NO;
				CLANG_ANALYZER_NONNULL = YES;
				CLANG_ANALYZER_NUMBER_OBJECT_CONVERSION = YES_AGGRESSIVE;
				CLANG_CXX_LANGUAGE_STANDARD = "gnu++14";
				CLANG_CXX_LIBRARY = "libc++";
				CLANG_ENABLE_MODULES = YES;
				CLANG_ENABLE_OBJC_ARC = YES;
				CLANG_ENABLE_OBJC_WEAK = YES;
				CLANG_WARN_BLOCK_CAPTURE_AUTORELEASING = YES;
				CLANG_WARN_BOOL_CONVERSION = YES;
				CLANG_WARN_COMMA = YES;
				CLANG_WARN_CONSTANT_CONVERSION = YES;
				CLANG_WARN_DEPRECATED_OBJC_IMPLEMENTATIONS = YES;
				CLANG_WARN_DIRECT_OBJC_ISA_USAGE = YES_ERROR;
				CLANG_WARN_DOCUMENTATION_COMMENTS = YES;
				CLANG_WARN_EMPTY_BODY = YES;
				CLANG_WARN_ENUM_CONVERSION = YES;
				CLANG_WARN_INFINITE_RECURSION = YES;
				CLANG_WARN_INT_CONVERSION = YES;
				CLANG_WARN_NON_LITERAL_NULL_CONVERSION = YES;
				CLANG_WARN_OBJC_IMPLICIT_RETAIN_SELF = YES;
				CLANG_WARN_OBJC_LITERAL_CONVERSION = YES;
				CLANG_WARN_OBJC_ROOT_CLASS = YES_ERROR;
				CLANG_WARN_RANGE_LOOP_ANALYSIS = YES;
				CLANG_WARN_STRICT_PROTOTYPES = YES;
				CLANG_WARN_SUSPICIOUS_MOVE = YES;
				CLANG_WARN_UNGUARDED_AVAILABILITY = YES_AGGRESSIVE;
				CLANG_WARN_UNREACHABLE_CODE = YES;
				CLANG_WARN__DUPLICATE_METHOD_MATCH = YES;
				CODE_SIGN_IDENTITY = "iPhone Developer";
				COPY_PHASE_STRIP = NO;
				DEBUG_INFORMATION_FORMAT = "dwarf-with-dsym";
				ENABLE_NS_ASSERTIONS = NO;
				ENABLE_STRICT_OBJC_MSGSEND = YES;
				GCC_C_LANGUAGE_STANDARD = gnu11;
				GCC_NO_COMMON_BLOCKS = YES;
				GCC_WARN_64_TO_32_BIT_CONVERSION = YES;
				GCC_WARN_ABOUT_RETURN_TYPE = YES_ERROR;
				GCC_WARN_UNDECLARED_SELECTOR = YES;
				GCC_WARN_UNINITIALIZED_AUTOS = YES_AGGRESSIVE;
				GCC_WARN_UNUSED_FUNCTION = YES;
				GCC_WARN_UNUSED_VARIABLE = YES;
				IPHONEOS_DEPLOYMENT_TARGET = 12.1;
				MTL_ENABLE_DEBUG_INFO = NO;
				MTL_FAST_MATH = YES;
				SDKROOT = iphoneos;
				VALIDATE_PRODUCT = YES;
			};
			name = Release;
		};
		528F650F2254A63100A0095A /* Debug */ = {
			isa = XCBuildConfiguration;
			baseConfigurationReference = 39528F87404766717C4D34C5 /* Pods-ios-zy-hulk.debug.xcconfig */;
			buildSettings = {
				ASSETCATALOG_COMPILER_APPICON_NAME = AppIcon;
				CODE_SIGN_STYLE = Automatic;
				DEVELOPMENT_TEAM = KZR83DY963;
				GCC_PREFIX_HEADER = "$(SRCROOT)/ios-zy-hulk/Macros/PrefixHeader.pch";
				INFOPLIST_FILE = "ios-zy-hulk/Info.plist";
				LD_RUNPATH_SEARCH_PATHS = (
					"$(inherited)",
					"@executable_path/Frameworks",
				);
				PRODUCT_BUNDLE_IDENTIFIER = com.zmlearn.zmchat;
				PRODUCT_NAME = "$(TARGET_NAME)";
				TARGETED_DEVICE_FAMILY = "1,2";
			};
			name = Debug;
		};
		528F65102254A63100A0095A /* Release */ = {
			isa = XCBuildConfiguration;
			baseConfigurationReference = 30A7C79270D74C3DA0790565 /* Pods-ios-zy-hulk.release.xcconfig */;
			buildSettings = {
				ASSETCATALOG_COMPILER_APPICON_NAME = AppIcon;
				CODE_SIGN_STYLE = Automatic;
				DEVELOPMENT_TEAM = KZR83DY963;
				GCC_PREFIX_HEADER = "$(SRCROOT)/ios-zy-hulk/Macros/PrefixHeader.pch";
				INFOPLIST_FILE = "ios-zy-hulk/Info.plist";
				LD_RUNPATH_SEARCH_PATHS = (
					"$(inherited)",
					"@executable_path/Frameworks",
				);
				PRODUCT_BUNDLE_IDENTIFIER = com.zmlearn.zmchat;
				PRODUCT_NAME = "$(TARGET_NAME)";
				TARGETED_DEVICE_FAMILY = "1,2";
			};
			name = Release;
		};
/* End XCBuildConfiguration section */

/* Begin XCConfigurationList section */
		528F64F32254A62F00A0095A /* Build configuration list for PBXProject "ios-zy-hulk" */ = {
			isa = XCConfigurationList;
			buildConfigurations = (
				528F650C2254A63100A0095A /* Debug */,
				528F650D2254A63100A0095A /* Release */,
			);
			defaultConfigurationIsVisible = 0;
			defaultConfigurationName = Release;
		};
		528F650E2254A63100A0095A /* Build configuration list for PBXNativeTarget "ios-zy-hulk" */ = {
			isa = XCConfigurationList;
			buildConfigurations = (
				528F650F2254A63100A0095A /* Debug */,
				528F65102254A63100A0095A /* Release */,
			);
			defaultConfigurationIsVisible = 0;
			defaultConfigurationName = Release;
		};
/* End XCConfigurationList section */
	};
	rootObject = 528F64F02254A62F00A0095A /* Project object */;
}
